
Microsoft Visual Studio Solution File, Format Version 12.00
# Visual Studio 15
VisualStudioVersion = 15.0.27130.2010
MinimumVisualStudioVersion = 10.0.40219.1
Project("{FAE04EC0-301F-11D3-BF4B-00C04F79EFBC}") = "UwpOnlySample", "Base64ToImageSample\UwpOnlySample.csproj", "{23C50F6A-1339-4D1A-B216-58682BA21036}"
EndProject
Project("{FAE04EC0-301F-11D3-BF4B-00C04F79EFBC}") = "Base64FormsApp.Android", "Base64FormsApp\Base64FormsApp.Android\Base64FormsApp.Android.csproj", "{27A985B9-6426-4761-82DD-E5D49D107075}"
EndProject
Project("{FAE04EC0-301F-11D3-BF4B-00C04F79EFBC}") = "Base64FormsApp.iOS", "Base64FormsApp\Base64FormsApp.iOS\Base64FormsApp.iOS.csproj", "{C403A8D5-CCF8-4CC5-B5D5-5FFB6F397C2C}"
EndProject
Project("{FAE04EC0-301F-11D3-BF4B-00C04F79EFBC}") = "Base64FormsApp.UWP", "Base64FormsApp\Base64FormsApp.UWP\Base64FormsApp.UWP.csproj", "{C9AC1A40-3D27-4A37-8652-BDBEA82FF51F}"
EndProject
Project("{FAE04EC0-301F-11D3-BF4B-00C04F79EFBC}") = "Base64FormsApp", "Base64FormsApp\Base64FormsApp\Base64FormsApp.csproj", "{D3AE0B0F-16BF-4600-B9E5-3F5DBFCD8F50}"
EndProject
Global
	GlobalSection(SolutionConfigurationPlatforms) = preSolution
		Ad-Hoc|Any CPU = Ad-Hoc|Any CPU
		Ad-Hoc|ARM = Ad-Hoc|ARM
		Ad-Hoc|iPhone = Ad-Hoc|iPhone
		Ad-Hoc|iPhoneSimulator = Ad-Hoc|iPhoneSimulator
		Ad-Hoc|x64 = Ad-Hoc|x64
		Ad-Hoc|x86 = Ad-Hoc|x86
		AppStore|Any CPU = AppStore|Any CPU
		AppStore|ARM = AppStore|ARM
		AppStore|iPhone = AppStore|iPhone
		AppStore|iPhoneSimulator = AppStore|iPhoneSimulator
		AppStore|x64 = AppStore|x64
		AppStore|x86 = AppStore|x86
		Debug|Any CPU = Debug|Any CPU
		Debug|ARM = Debug|ARM
		Debug|iPhone = Debug|iPhone
		Debug|iPhoneSimulator = Debug|iPhoneSimulator
		Debug|x64 = Debug|x64
		Debug|x86 = Debug|x86
		Release|Any CPU = Release|Any CPU
		Release|ARM = Release|ARM
		Release|iPhone = Release|iPhone
		Release|iPhoneSimulator = Release|iPhoneSimulator
		Release|x64 = Release|x64
		Release|x86 = Release|x86
	EndGlobalSection
	GlobalSection(ProjectConfigurationPlatforms) = postSolution
		{23C50F6A-1339-4D1A-B216-58682BA21036}.Ad-Hoc|Any CPU.ActiveCfg = Release|x86
		{23C50F6A-1339-4D1A-B216-58682BA21036}.Ad-Hoc|Any CPU.Build.0 = Release|x86
		{23C50F6A-1339-4D1A-B216-58682BA21036}.Ad-Hoc|Any CPU.Deploy.0 = Release|x86
		{23C50F6A-1339-4D1A-B216-58682BA21036}.Ad-Hoc|ARM.ActiveCfg = Release|ARM
		{23C50F6A-1339-4D1A-B216-58682BA21036}.Ad-Hoc|ARM.Build.0 = Release|ARM
		{23C50F6A-1339-4D1A-B216-58682BA21036}.Ad-Hoc|ARM.Deploy.0 = Release|ARM
		{23C50F6A-1339-4D1A-B216-58682BA21036}.Ad-Hoc|iPhone.ActiveCfg = Release|x86
		{23C50F6A-1339-4D1A-B216-58682BA21036}.Ad-Hoc|iPhone.Build.0 = Release|x86
		{23C50F6A-1339-4D1A-B216-58682BA21036}.Ad-Hoc|iPhone.Deploy.0 = Release|x86
		{23C50F6A-1339-4D1A-B216-58682BA21036}.Ad-Hoc|iPhoneSimulator.ActiveCfg = Release|x86
		{23C50F6A-1339-4D1A-B216-58682BA21036}.Ad-Hoc|iPhoneSimulator.Build.0 = Release|x86
		{23C50F6A-1339-4D1A-B216-58682BA21036}.Ad-Hoc|iPhoneSimulator.Deploy.0 = Release|x86
		{23C50F6A-1339-4D1A-B216-58682BA21036}.Ad-Hoc|x64.ActiveCfg = Release|x64
		{23C50F6A-1339-4D1A-B216-58682BA21036}.Ad-Hoc|x64.Build.0 = Release|x64
		{23C50F6A-1339-4D1A-B216-58682BA21036}.Ad-Hoc|x64.Deploy.0 = Release|x64
		{23C50F6A-1339-4D1A-B216-58682BA21036}.Ad-Hoc|x86.ActiveCfg = Release|x86
		{23C50F6A-1339-4D1A-B216-58682BA21036}.Ad-Hoc|x86.Build.0 = Release|x86
		{23C50F6A-1339-4D1A-B216-58682BA21036}.Ad-Hoc|x86.Deploy.0 = Release|x86
		{23C50F6A-1339-4D1A-B216-58682BA21036}.AppStore|Any CPU.ActiveCfg = Release|x86
		{23C50F6A-1339-4D1A-B216-58682BA21036}.AppStore|Any CPU.Build.0 = Release|x86
		{23C50F6A-1339-4D1A-B216-58682BA21036}.AppStore|Any CPU.Deploy.0 = Release|x86
		{23C50F6A-1339-4D1A-B216-58682BA21036}.AppStore|ARM.ActiveCfg = Release|ARM
		{23C50F6A-1339-4D1A-B216-58682BA21036}.AppStore|ARM.Build.0 = Release|ARM
		{23C50F6A-1339-4D1A-B216-58682BA21036}.AppStore|ARM.Deploy.0 = Release|ARM
		{23C50F6A-1339-4D1A-B216-58682BA21036}.AppStore|iPhone.ActiveCfg = Release|x86
		{23C50F6A-1339-4D1A-B216-58682BA21036}.AppStore|iPhone.Build.0 = Release|x86
		{23C50F6A-1339-4D1A-B216-58682BA21036}.AppStore|iPhone.Deploy.0 = Release|x86
		{23C50F6A-1339-4D1A-B216-58682BA21036}.AppStore|iPhoneSimulator.ActiveCfg = Release|x86
		{23C50F6A-1339-4D1A-B216-58682BA21036}.AppStore|iPhoneSimulator.Build.0 = Release|x86
		{23C50F6A-1339-4D1A-B216-58682BA21036}.AppStore|iPhoneSimulator.Deploy.0 = Release|x86
		{23C50F6A-1339-4D1A-B216-58682BA21036}.AppStore|x64.ActiveCfg = Release|x64
		{23C50F6A-1339-4D1A-B216-58682BA21036}.AppStore|x64.Build.0 = Release|x64
		{23C50F6A-1339-4D1A-B216-58682BA21036}.AppStore|x64.Deploy.0 = Release|x64
		{23C50F6A-1339-4D1A-B216-58682BA21036}.AppStore|x86.ActiveCfg = Release|x86
		{23C50F6A-1339-4D1A-B216-58682BA21036}.AppStore|x86.Build.0 = Release|x86
		{23C50F6A-1339-4D1A-B216-58682BA21036}.AppStore|x86.Deploy.0 = Release|x86
		{23C50F6A-1339-4D1A-B216-58682BA21036}.Debug|Any CPU.ActiveCfg = Debug|x86
		{23C50F6A-1339-4D1A-B216-58682BA21036}.Debug|ARM.ActiveCfg = Debug|ARM
		{23C50F6A-1339-4D1A-B216-58682BA21036}.Debug|ARM.Build.0 = Debug|ARM
		{23C50F6A-1339-4D1A-B216-58682BA21036}.Debug|ARM.Deploy.0 = Debug|ARM
		{23C50F6A-1339-4D1A-B216-58682BA21036}.Debug|iPhone.ActiveCfg = Debug|x86
		{23C50F6A-1339-4D1A-B216-58682BA21036}.Debug|iPhoneSimulator.ActiveCfg = Debug|x86
		{23C50F6A-1339-4D1A-B216-58682BA21036}.Debug|x64.ActiveCfg = Debug|x64
		{23C50F6A-1339-4D1A-B216-58682BA21036}.Debug|x64.Build.0 = Debug|x64
		{23C50F6A-1339-4D1A-B216-58682BA21036}.Debug|x64.Deploy.0 = Debug|x64
		{23C50F6A-1339-4D1A-B216-58682BA21036}.Debug|x86.ActiveCfg = Debug|x86
		{23C50F6A-1339-4D1A-B216-58682BA21036}.Debug|x86.Build.0 = Debug|x86
		{23C50F6A-1339-4D1A-B216-58682BA21036}.Debug|x86.Deploy.0 = Debug|x86
		{23C50F6A-1339-4D1A-B216-58682BA21036}.Release|Any CPU.ActiveCfg = Release|x86
		{23C50F6A-1339-4D1A-B216-58682BA21036}.Release|ARM.ActiveCfg = Release|ARM
		{23C50F6A-1339-4D1A-B216-58682BA21036}.Release|ARM.Build.0 = Release|ARM
		{23C50F6A-1339-4D1A-B216-58682BA21036}.Release|ARM.Deploy.0 = Release|ARM
		{23C50F6A-1339-4D1A-B216-58682BA21036}.Release|iPhone.ActiveCfg = Release|x86
		{23C50F6A-1339-4D1A-B216-58682BA21036}.Release|iPhoneSimulator.ActiveCfg = Release|x86
		{23C50F6A-1339-4D1A-B216-58682BA21036}.Release|x64.ActiveCfg = Release|x64
		{23C50F6A-1339-4D1A-B216-58682BA21036}.Release|x64.Build.0 = Release|x64
		{23C50F6A-1339-4D1A-B216-58682BA21036}.Release|x64.Deploy.0 = Release|x64
		{23C50F6A-1339-4D1A-B216-58682BA21036}.Release|x86.ActiveCfg = Release|x86
		{23C50F6A-1339-4D1A-B216-58682BA21036}.Release|x86.Build.0 = Release|x86
		{23C50F6A-1339-4D1A-B216-58682BA21036}.Release|x86.Deploy.0 = Release|x86
		{27A985B9-6426-4761-82DD-E5D49D107075}.Ad-Hoc|Any CPU.ActiveCfg = Release|Any CPU
		{27A985B9-6426-4761-82DD-E5D49D107075}.Ad-Hoc|Any CPU.Build.0 = Release|Any CPU
		{27A985B9-6426-4761-82DD-E5D49D107075}.Ad-Hoc|Any CPU.Deploy.0 = Release|Any CPU
		{27A985B9-6426-4761-82DD-E5D49D107075}.Ad-Hoc|ARM.ActiveCfg = Release|Any CPU
		{27A985B9-6426-4761-82DD-E5D49D107075}.Ad-Hoc|ARM.Build.0 = Release|Any CPU
		{27A985B9-6426-4761-82DD-E5D49D107075}.Ad-Hoc|ARM.Deploy.0 = Release|Any CPU
		{27A985B9-6426-4761-82DD-E5D49D107075}.Ad-Hoc|iPhone.ActiveCfg = Release|Any CPU
		{27A985B9-6426-4761-82DD-E5D49D107075}.Ad-Hoc|iPhone.Build.0 = Release|Any CPU
		{27A985B9-6426-4761-82DD-E5D49D107075}.Ad-Hoc|iPhone.Deploy.0 = Release|Any CPU
		{27A985B9-6426-4761-82DD-E5D49D107075}.Ad-Hoc|iPhoneSimulator.ActiveCfg = Release|Any CPU
		{27A985B9-6426-4761-82DD-E5D49D107075}.Ad-Hoc|iPhoneSimulator.Build.0 = Release|Any CPU
		{27A985B9-6426-4761-82DD-E5D49D107075}.Ad-Hoc|iPhoneSimulator.Deploy.0 = Release|Any CPU
		{27A985B9-6426-4761-82DD-E5D49D107075}.Ad-Hoc|x64.ActiveCfg = Release|Any CPU
		{27A985B9-6426-4761-82DD-E5D49D107075}.Ad-Hoc|x64.Build.0 = Release|Any CPU
		{27A985B9-6426-4761-82DD-E5D49D107075}.Ad-Hoc|x64.Deploy.0 = Release|Any CPU
		{27A985B9-6426-4761-82DD-E5D49D107075}.Ad-Hoc|x86.ActiveCfg = Release|Any CPU
		{27A985B9-6426-4761-82DD-E5D49D107075}.Ad-Hoc|x86.Build.0 = Release|Any CPU
		{27A985B9-6426-4761-82DD-E5D49D107075}.Ad-Hoc|x86.Deploy.0 = Release|Any CPU
		{27A985B9-6426-4761-82DD-E5D49D107075}.AppStore|Any CPU.ActiveCfg = Release|Any CPU
		{27A985B9-6426-4761-82DD-E5D49D107075}.AppStore|Any CPU.Build.0 = Release|Any CPU
		{27A985B9-6426-4761-82DD-E5D49D107075}.AppStore|Any CPU.Deploy.0 = Release|Any CPU
		{27A985B9-6426-4761-82DD-E5D49D107075}.AppStore|ARM.ActiveCfg = Release|Any CPU
		{27A985B9-6426-4761-82DD-E5D49D107075}.AppStore|ARM.Build.0 = Release|Any CPU
		{27A985B9-6426-4761-82DD-E5D49D107075}.AppStore|ARM.Deploy.0 = Release|Any CPU
		{27A985B9-6426-4761-82DD-E5D49D107075}.AppStore|iPhone.ActiveCfg = Release|Any CPU
		{27A985B9-6426-4761-82DD-E5D49D107075}.AppStore|iPhone.Build.0 = Release|Any CPU
		{27A985B9-6426-4761-82DD-E5D49D107075}.AppStore|iPhone.Deploy.0 = Release|Any CPU
		{27A985B9-6426-4761-82DD-E5D49D107075}.AppStore|iPhoneSimulator.ActiveCfg = Release|Any CPU
		{27A985B9-6426-4761-82DD-E5D49D107075}.AppStore|iPhoneSimulator.Build.0 = Release|Any CPU
		{27A985B9-6426-4761-82DD-E5D49D107075}.AppStore|iPhoneSimulator.Deploy.0 = Release|Any CPU
		{27A985B9-6426-4761-82DD-E5D49D107075}.AppStore|x64.ActiveCfg = Release|Any CPU
		{27A985B9-6426-4761-82DD-E5D49D107075}.AppStore|x64.Build.0 = Release|Any CPU
		{27A985B9-6426-4761-82DD-E5D49D107075}.AppStore|x64.Deploy.0 = Release|Any CPU
		{27A985B9-6426-4761-82DD-E5D49D107075}.AppStore|x86.ActiveCfg = Release|Any CPU
		{27A985B9-6426-4761-82DD-E5D49D107075}.AppStore|x86.Build.0 = Release|Any CPU
		{27A985B9-6426-4761-82DD-E5D49D107075}.AppStore|x86.Deploy.0 = Release|Any CPU
		{27A985B9-6426-4761-82DD-E5D49D107075}.Debug|Any CPU.ActiveCfg = Debug|Any CPU
		{27A985B9-6426-4761-82DD-E5D49D107075}.Debug|Any CPU.Build.0 = Debug|Any CPU
		{27A985B9-6426-4761-82DD-E5D49D107075}.Debug|Any CPU.Deploy.0 = Debug|Any CPU
		{27A985B9-6426-4761-82DD-E5D49D107075}.Debug|ARM.ActiveCfg = Debug|Any CPU
		{27A985B9-6426-4761-82DD-E5D49D107075}.Debug|ARM.Build.0 = Debug|Any CPU
		{27A985B9-6426-4761-82DD-E5D49D107075}.Debug|ARM.Deploy.0 = Debug|Any CPU
		{27A985B9-6426-4761-82DD-E5D49D107075}.Debug|iPhone.ActiveCfg = Debug|Any CPU
		{27A985B9-6426-4761-82DD-E5D49D107075}.Debug|iPhone.Build.0 = Debug|Any CPU
		{27A985B9-6426-4761-82DD-E5D49D107075}.Debug|iPhone.Deploy.0 = Debug|Any CPU
		{27A985B9-6426-4761-82DD-E5D49D107075}.Debug|iPhoneSimulator.ActiveCfg = Debug|Any CPU
		{27A985B9-6426-4761-82DD-E5D49D107075}.Debug|iPhoneSimulator.Build.0 = Debug|Any CPU
		{27A985B9-6426-4761-82DD-E5D49D107075}.Debug|iPhoneSimulator.Deploy.0 = Debug|Any CPU
		{27A985B9-6426-4761-82DD-E5D49D107075}.Debug|x64.ActiveCfg = Debug|Any CPU
		{27A985B9-6426-4761-82DD-E5D49D107075}.Debug|x64.Build.0 = Debug|Any CPU
		{27A985B9-6426-4761-82DD-E5D49D107075}.Debug|x64.Deploy.0 = Debug|Any CPU
		{27A985B9-6426-4761-82DD-E5D49D107075}.Debug|x86.ActiveCfg = Debug|Any CPU
		{27A985B9-6426-4761-82DD-E5D49D107075}.Debug|x86.Build.0 = Debug|Any CPU
		{27A985B9-6426-4761-82DD-E5D49D107075}.Debug|x86.Deploy.0 = Debug|Any CPU
		{27A985B9-6426-4761-82DD-E5D49D107075}.Release|Any CPU.ActiveCfg = Release|Any CPU
		{27A985B9-6426-4761-82DD-E5D49D107075}.Release|Any CPU.Build.0 = Release|Any CPU
		{27A985B9-6426-4761-82DD-E5D49D107075}.Release|Any CPU.Deploy.0 = Release|Any CPU
		{27A985B9-6426-4761-82DD-E5D49D107075}.Release|ARM.ActiveCfg = Release|Any CPU
		{27A985B9-6426-4761-82DD-E5D49D107075}.Release|ARM.Build.0 = Release|Any CPU
		{27A985B9-6426-4761-82DD-E5D49D107075}.Release|ARM.Deploy.0 = Release|Any CPU
		{27A985B9-6426-4761-82DD-E5D49D107075}.Release|iPhone.ActiveCfg = Release|Any CPU
		{27A985B9-6426-4761-82DD-E5D49D107075}.Release|iPhone.Build.0 = Release|Any CPU
		{27A985B9-6426-4761-82DD-E5D49D107075}.Release|iPhone.Deploy.0 = Release|Any CPU
		{27A985B9-6426-4761-82DD-E5D49D107075}.Release|iPhoneSimulator.ActiveCfg = Release|Any CPU
		{27A985B9-6426-4761-82DD-E5D49D107075}.Release|iPhoneSimulator.Build.0 = Release|Any CPU
		{27A985B9-6426-4761-82DD-E5D49D107075}.Release|iPhoneSimulator.Deploy.0 = Release|Any CPU
		{27A985B9-6426-4761-82DD-E5D49D107075}.Release|x64.ActiveCfg = Release|Any CPU
		{27A985B9-6426-4761-82DD-E5D49D107075}.Release|x64.Build.0 = Release|Any CPU
		{27A985B9-6426-4761-82DD-E5D49D107075}.Release|x64.Deploy.0 = Release|Any CPU
		{27A985B9-6426-4761-82DD-E5D49D107075}.Release|x86.ActiveCfg = Release|Any CPU
		{27A985B9-6426-4761-82DD-E5D49D107075}.Release|x86.Build.0 = Release|Any CPU
		{27A985B9-6426-4761-82DD-E5D49D107075}.Release|x86.Deploy.0 = Release|Any CPU
		{C403A8D5-CCF8-4CC5-B5D5-5FFB6F397C2C}.Ad-Hoc|Any CPU.ActiveCfg = Ad-Hoc|iPhone
		{C403A8D5-CCF8-4CC5-B5D5-5FFB6F397C2C}.Ad-Hoc|ARM.ActiveCfg = Ad-Hoc|iPhone
		{C403A8D5-CCF8-4CC5-B5D5-5FFB6F397C2C}.Ad-Hoc|iPhone.ActiveCfg = Ad-Hoc|iPhone
		{C403A8D5-CCF8-4CC5-B5D5-5FFB6F397C2C}.Ad-Hoc|iPhone.Build.0 = Ad-Hoc|iPhone
		{C403A8D5-CCF8-4CC5-B5D5-5FFB6F397C2C}.Ad-Hoc|iPhoneSimulator.ActiveCfg = Ad-Hoc|iPhoneSimulator
		{C403A8D5-CCF8-4CC5-B5D5-5FFB6F397C2C}.Ad-Hoc|iPhoneSimulator.Build.0 = Ad-Hoc|iPhoneSimulator
		{C403A8D5-CCF8-4CC5-B5D5-5FFB6F397C2C}.Ad-Hoc|x64.ActiveCfg = Ad-Hoc|iPhone
		{C403A8D5-CCF8-4CC5-B5D5-5FFB6F397C2C}.Ad-Hoc|x86.ActiveCfg = Ad-Hoc|iPhone
		{C403A8D5-CCF8-4CC5-B5D5-5FFB6F397C2C}.AppStore|Any CPU.ActiveCfg = AppStore|iPhone
		{C403A8D5-CCF8-4CC5-B5D5-5FFB6F397C2C}.AppStore|ARM.ActiveCfg = AppStore|iPhone
		{C403A8D5-CCF8-4CC5-B5D5-5FFB6F397C2C}.AppStore|iPhone.ActiveCfg = AppStore|iPhone
		{C403A8D5-CCF8-4CC5-B5D5-5FFB6F397C2C}.AppStore|iPhone.Build.0 = AppStore|iPhone
		{C403A8D5-CCF8-4CC5-B5D5-5FFB6F397C2C}.AppStore|iPhoneSimulator.ActiveCfg = AppStore|iPhoneSimulator
		{C403A8D5-CCF8-4CC5-B5D5-5FFB6F397C2C}.AppStore|iPhoneSimulator.Build.0 = AppStore|iPhoneSimulator
		{C403A8D5-CCF8-4CC5-B5D5-5FFB6F397C2C}.AppStore|x64.ActiveCfg = AppStore|iPhone
		{C403A8D5-CCF8-4CC5-B5D5-5FFB6F397C2C}.AppStore|x86.ActiveCfg = AppStore|iPhone
		{C403A8D5-CCF8-4CC5-B5D5-5FFB6F397C2C}.Debug|Any CPU.ActiveCfg = Debug|iPhone
		{C403A8D5-CCF8-4CC5-B5D5-5FFB6F397C2C}.Debug|ARM.ActiveCfg = Debug|iPhone
		{C403A8D5-CCF8-4CC5-B5D5-5FFB6F397C2C}.Debug|iPhone.ActiveCfg = Debug|iPhone
		{C403A8D5-CCF8-4CC5-B5D5-5FFB6F397C2C}.Debug|iPhone.Build.0 = Debug|iPhone
		{C403A8D5-CCF8-4CC5-B5D5-5FFB6F397C2C}.Debug|iPhoneSimulator.ActiveCfg = Debug|iPhoneSimulator
		{C403A8D5-CCF8-4CC5-B5D5-5FFB6F397C2C}.Debug|iPhoneSimulator.Build.0 = Debug|iPhoneSimulator
		{C403A8D5-CCF8-4CC5-B5D5-5FFB6F397C2C}.Debug|x64.ActiveCfg = Debug|iPhone
		{C403A8D5-CCF8-4CC5-B5D5-5FFB6F397C2C}.Debug|x86.ActiveCfg = Debug|iPhone
		{C403A8D5-CCF8-4CC5-B5D5-5FFB6F397C2C}.Release|Any CPU.ActiveCfg = Release|iPhone
		{C403A8D5-CCF8-4CC5-B5D5-5FFB6F397C2C}.Release|ARM.ActiveCfg = Release|iPhone
		{C403A8D5-CCF8-4CC5-B5D5-5FFB6F397C2C}.Release|iPhone.ActiveCfg = Release|iPhone
		{C403A8D5-CCF8-4CC5-B5D5-5FFB6F397C2C}.Release|iPhone.Build.0 = Release|iPhone
		{C403A8D5-CCF8-4CC5-B5D5-5FFB6F397C2C}.Release|iPhoneSimulator.ActiveCfg = Release|iPhoneSimulator
		{C403A8D5-CCF8-4CC5-B5D5-5FFB6F397C2C}.Release|iPhoneSimulator.Build.0 = Release|iPhoneSimulator
		{C403A8D5-CCF8-4CC5-B5D5-5FFB6F397C2C}.Release|x64.ActiveCfg = Release|iPhone
		{C403A8D5-CCF8-4CC5-B5D5-5FFB6F397C2C}.Release|x86.ActiveCfg = Release|iPhone
		{C9AC1A40-3D27-4A37-8652-BDBEA82FF51F}.Ad-Hoc|Any CPU.ActiveCfg = Release|x86
		{C9AC1A40-3D27-4A37-8652-BDBEA82FF51F}.Ad-Hoc|Any CPU.Build.0 = Release|x86
		{C9AC1A40-3D27-4A37-8652-BDBEA82FF51F}.Ad-Hoc|Any CPU.Deploy.0 = Release|x86
		{C9AC1A40-3D27-4A37-8652-BDBEA82FF51F}.Ad-Hoc|ARM.ActiveCfg = Release|ARM
		{C9AC1A40-3D27-4A37-8652-BDBEA82FF51F}.Ad-Hoc|ARM.Build.0 = Release|ARM
		{C9AC1A40-3D27-4A37-8652-BDBEA82FF51F}.Ad-Hoc|ARM.Deploy.0 = Release|ARM
		{C9AC1A40-3D27-4A37-8652-BDBEA82FF51F}.Ad-Hoc|iPhone.ActiveCfg = Release|x86
		{C9AC1A40-3D27-4A37-8652-BDBEA82FF51F}.Ad-Hoc|iPhone.Build.0 = Release|x86
		{C9AC1A40-3D27-4A37-8652-BDBEA82FF51F}.Ad-Hoc|iPhone.Deploy.0 = Release|x86
		{C9AC1A40-3D27-4A37-8652-BDBEA82FF51F}.Ad-Hoc|iPhoneSimulator.ActiveCfg = Release|x86
		{C9AC1A40-3D27-4A37-8652-BDBEA82FF51F}.Ad-Hoc|iPhoneSimulator.Build.0 = Release|x86
		{C9AC1A40-3D27-4A37-8652-BDBEA82FF51F}.Ad-Hoc|iPhoneSimulator.Deploy.0 = Release|x86
		{C9AC1A40-3D27-4A37-8652-BDBEA82FF51F}.Ad-Hoc|x64.ActiveCfg = Release|x64
		{C9AC1A40-3D27-4A37-8652-BDBEA82FF51F}.Ad-Hoc|x64.Build.0 = Release|x64
		{C9AC1A40-3D27-4A37-8652-BDBEA82FF51F}.Ad-Hoc|x64.Deploy.0 = Release|x64
		{C9AC1A40-3D27-4A37-8652-BDBEA82FF51F}.Ad-Hoc|x86.ActiveCfg = Release|x86
		{C9AC1A40-3D27-4A37-8652-BDBEA82FF51F}.Ad-Hoc|x86.Build.0 = Release|x86
		{C9AC1A40-3D27-4A37-8652-BDBEA82FF51F}.Ad-Hoc|x86.Deploy.0 = Release|x86
		{C9AC1A40-3D27-4A37-8652-BDBEA82FF51F}.AppStore|Any CPU.ActiveCfg = Release|x86
		{C9AC1A40-3D27-4A37-8652-BDBEA82FF51F}.AppStore|Any CPU.Build.0 = Release|x86
		{C9AC1A40-3D27-4A37-8652-BDBEA82FF51F}.AppStore|Any CPU.Deploy.0 = Release|x86
		{C9AC1A40-3D27-4A37-8652-BDBEA82FF51F}.AppStore|ARM.ActiveCfg = Release|ARM
		{C9AC1A40-3D27-4A37-8652-BDBEA82FF51F}.AppStore|ARM.Build.0 = Release|ARM
		{C9AC1A40-3D27-4A37-8652-BDBEA82FF51F}.AppStore|ARM.Deploy.0 = Release|ARM
		{C9AC1A40-3D27-4A37-8652-BDBEA82FF51F}.AppStore|iPhone.ActiveCfg = Release|x86
		{C9AC1A40-3D27-4A37-8652-BDBEA82FF51F}.AppStore|iPhone.Build.0 = Release|x86
		{C9AC1A40-3D27-4A37-8652-BDBEA82FF51F}.AppStore|iPhone.Deploy.0 = Release|x86
		{C9AC1A40-3D27-4A37-8652-BDBEA82FF51F}.AppStore|iPhoneSimulator.ActiveCfg = Release|x86
		{C9AC1A40-3D27-4A37-8652-BDBEA82FF51F}.AppStore|iPhoneSimulator.Build.0 = Release|x86
		{C9AC1A40-3D27-4A37-8652-BDBEA82FF51F}.AppStore|iPhoneSimulator.Deploy.0 = Release|x86
		{C9AC1A40-3D27-4A37-8652-BDBEA82FF51F}.AppStore|x64.ActiveCfg = Release|x64
		{C9AC1A40-3D27-4A37-8652-BDBEA82FF51F}.AppStore|x64.Build.0 = Release|x64
		{C9AC1A40-3D27-4A37-8652-BDBEA82FF51F}.AppStore|x64.Deploy.0 = Release|x64
		{C9AC1A40-3D27-4A37-8652-BDBEA82FF51F}.AppStore|x86.ActiveCfg = Release|x86
		{C9AC1A40-3D27-4A37-8652-BDBEA82FF51F}.AppStore|x86.Build.0 = Release|x86
		{C9AC1A40-3D27-4A37-8652-BDBEA82FF51F}.AppStore|x86.Deploy.0 = Release|x86
		{C9AC1A40-3D27-4A37-8652-BDBEA82FF51F}.Debug|Any CPU.ActiveCfg = Debug|x86
		{C9AC1A40-3D27-4A37-8652-BDBEA82FF51F}.Debug|ARM.ActiveCfg = Debug|ARM
		{C9AC1A40-3D27-4A37-8652-BDBEA82FF51F}.Debug|ARM.Build.0 = Debug|ARM
		{C9AC1A40-3D27-4A37-8652-BDBEA82FF51F}.Debug|ARM.Deploy.0 = Debug|ARM
		{C9AC1A40-3D27-4A37-8652-BDBEA82FF51F}.Debug|iPhone.ActiveCfg = Debug|x86
		{C9AC1A40-3D27-4A37-8652-BDBEA82FF51F}.Debug|iPhoneSimulator.ActiveCfg = Debug|x86
		{C9AC1A40-3D27-4A37-8652-BDBEA82FF51F}.Debug|x64.ActiveCfg = Debug|x64
		{C9AC1A40-3D27-4A37-8652-BDBEA82FF51F}.Debug|x64.Build.0 = Debug|x64
		{C9AC1A40-3D27-4A37-8652-BDBEA82FF51F}.Debug|x64.Deploy.0 = Debug|x64
		{C9AC1A40-3D27-4A37-8652-BDBEA82FF51F}.Debug|x86.ActiveCfg = Debug|x86
		{C9AC1A40-3D27-4A37-8652-BDBEA82FF51F}.Debug|x86.Build.0 = Debug|x86
		{C9AC1A40-3D27-4A37-8652-BDBEA82FF51F}.Debug|x86.Deploy.0 = Debug|x86
		{C9AC1A40-3D27-4A37-8652-BDBEA82FF51F}.Release|Any CPU.ActiveCfg = Release|x86
		{C9AC1A40-3D27-4A37-8652-BDBEA82FF51F}.Release|ARM.ActiveCfg = Release|ARM
		{C9AC1A40-3D27-4A37-8652-BDBEA82FF51F}.Release|ARM.Build.0 = Release|ARM
		{C9AC1A40-3D27-4A37-8652-BDBEA82FF51F}.Release|ARM.Deploy.0 = Release|ARM
		{C9AC1A40-3D27-4A37-8652-BDBEA82FF51F}.Release|iPhone.ActiveCfg = Release|x86
		{C9AC1A40-3D27-4A37-8652-BDBEA82FF51F}.Release|iPhoneSimulator.ActiveCfg = Release|x86
		{C9AC1A40-3D27-4A37-8652-BDBEA82FF51F}.Release|x64.ActiveCfg = Release|x64
		{C9AC1A40-3D27-4A37-8652-BDBEA82FF51F}.Release|x64.Build.0 = Release|x64
		{C9AC1A40-3D27-4A37-8652-BDBEA82FF51F}.Release|x64.Deploy.0 = Release|x64
		{C9AC1A40-3D27-4A37-8652-BDBEA82FF51F}.Release|x86.ActiveCfg = Release|x86
		{C9AC1A40-3D27-4A37-8652-BDBEA82FF51F}.Release|x86.Build.0 = Release|x86
		{C9AC1A40-3D27-4A37-8652-BDBEA82FF51F}.Release|x86.Deploy.0 = Release|x86
		{D3AE0B0F-16BF-4600-B9E5-3F5DBFCD8F50}.Ad-Hoc|Any CPU.ActiveCfg = Debug|Any CPU
		{D3AE0B0F-16BF-4600-B9E5-3F5DBFCD8F50}.Ad-Hoc|Any CPU.Build.0 = Debug|Any CPU
		{D3AE0B0F-16BF-4600-B9E5-3F5DBFCD8F50}.Ad-Hoc|ARM.ActiveCfg = Debug|Any CPU
		{D3AE0B0F-16BF-4600-B9E5-3F5DBFCD8F50}.Ad-Hoc|ARM.Build.0 = Debug|Any CPU
		{D3AE0B0F-16BF-4600-B9E5-3F5DBFCD8F50}.Ad-Hoc|iPhone.ActiveCfg = Debug|Any CPU
		{D3AE0B0F-16BF-4600-B9E5-3F5DBFCD8F50}.Ad-Hoc|iPhone.Build.0 = Debug|Any CPU
		{D3AE0B0F-16BF-4600-B9E5-3F5DBFCD8F50}.Ad-Hoc|iPhoneSimulator.ActiveCfg = Debug|Any CPU
		{D3AE0B0F-16BF-4600-B9E5-3F5DBFCD8F50}.Ad-Hoc|iPhoneSimulator.Build.0 = Debug|Any CPU
		{D3AE0B0F-16BF-4600-B9E5-3F5DBFCD8F50}.Ad-Hoc|x64.ActiveCfg = Debug|Any CPU
		{D3AE0B0F-16BF-4600-B9E5-3F5DBFCD8F50}.Ad-Hoc|x64.Build.0 = Debug|Any CPU
		{D3AE0B0F-16BF-4600-B9E5-3F5DBFCD8F50}.Ad-Hoc|x86.ActiveCfg = Debug|Any CPU
		{D3AE0B0F-16BF-4600-B9E5-3F5DBFCD8F50}.Ad-Hoc|x86.Build.0 = Debug|Any CPU
		{D3AE0B0F-16BF-4600-B9E5-3F5DBFCD8F50}.AppStore|Any CPU.ActiveCfg = Debug|Any CPU
		{D3AE0B0F-16BF-4600-B9E5-3F5DBFCD8F50}.AppStore|Any CPU.Build.0 = Debug|Any CPU
		{D3AE0B0F-16BF-4600-B9E5-3F5DBFCD8F50}.AppStore|ARM.ActiveCfg = Debug|Any CPU
		{D3AE0B0F-16BF-4600-B9E5-3F5DBFCD8F50}.AppStore|ARM.Build.0 = Debug|Any CPU
		{D3AE0B0F-16BF-4600-B9E5-3F5DBFCD8F50}.AppStore|iPhone.ActiveCfg = Debug|Any CPU
		{D3AE0B0F-16BF-4600-B9E5-3F5DBFCD8F50}.AppStore|iPhone.Build.0 = Debug|Any CPU
		{D3AE0B0F-16BF-4600-B9E5-3F5DBFCD8F50}.AppStore|iPhoneSimulator.ActiveCfg = Debug|Any CPU
		{D3AE0B0F-16BF-4600-B9E5-3F5DBFCD8F50}.AppStore|iPhoneSimulator.Build.0 = Debug|Any CPU
		{D3AE0B0F-16BF-4600-B9E5-3F5DBFCD8F50}.AppStore|x64.ActiveCfg = Debug|Any CPU
		{D3AE0B0F-16BF-4600-B9E5-3F5DBFCD8F50}.AppStore|x64.Build.0 = Debug|Any CPU
		{D3AE0B0F-16BF-4600-B9E5-3F5DBFCD8F50}.AppStore|x86.ActiveCfg = Debug|Any CPU
		{D3AE0B0F-16BF-4600-B9E5-3F5DBFCD8F50}.AppStore|x86.Build.0 = Debug|Any CPU
		{D3AE0B0F-16BF-4600-B9E5-3F5DBFCD8F50}.Debug|Any CPU.ActiveCfg = Debug|Any CPU
		{D3AE0B0F-16BF-4600-B9E5-3F5DBFCD8F50}.Debug|Any CPU.Build.0 = Debug|Any CPU
		{D3AE0B0F-16BF-4600-B9E5-3F5DBFCD8F50}.Debug|ARM.ActiveCfg = Debug|Any CPU
		{D3AE0B0F-16BF-4600-B9E5-3F5DBFCD8F50}.Debug|ARM.Build.0 = Debug|Any CPU
		{D3AE0B0F-16BF-4600-B9E5-3F5DBFCD8F50}.Debug|iPhone.ActiveCfg = Debug|Any CPU
		{D3AE0B0F-16BF-4600-B9E5-3F5DBFCD8F50}.Debug|iPhone.Build.0 = Debug|Any CPU
		{D3AE0B0F-16BF-4600-B9E5-3F5DBFCD8F50}.Debug|iPhoneSimulator.ActiveCfg = Debug|Any CPU
		{D3AE0B0F-16BF-4600-B9E5-3F5DBFCD8F50}.Debug|iPhoneSimulator.Build.0 = Debug|Any CPU
		{D3AE0B0F-16BF-4600-B9E5-3F5DBFCD8F50}.Debug|x64.ActiveCfg = Debug|Any CPU
		{D3AE0B0F-16BF-4600-B9E5-3F5DBFCD8F50}.Debug|x64.Build.0 = Debug|Any CPU
		{D3AE0B0F-16BF-4600-B9E5-3F5DBFCD8F50}.Debug|x86.ActiveCfg = Debug|Any CPU
		{D3AE0B0F-16BF-4600-B9E5-3F5DBFCD8F50}.Debug|x86.Build.0 = Debug|Any CPU
		{D3AE0B0F-16BF-4600-B9E5-3F5DBFCD8F50}.Release|Any CPU.ActiveCfg = Release|Any CPU
		{D3AE0B0F-16BF-4600-B9E5-3F5DBFCD8F50}.Release|Any CPU.Build.0 = Release|Any CPU
		{D3AE0B0F-16BF-4600-B9E5-3F5DBFCD8F50}.Release|ARM.ActiveCfg = Release|Any CPU
		{D3AE0B0F-16BF-4600-B9E5-3F5DBFCD8F50}.Release|ARM.Build.0 = Release|Any CPU
		{D3AE0B0F-16BF-4600-B9E5-3F5DBFCD8F50}.Release|iPhone.ActiveCfg = Release|Any CPU
		{D3AE0B0F-16BF-4600-B9E5-3F5DBFCD8F50}.Release|iPhone.Build.0 = Release|Any CPU
		{D3AE0B0F-16BF-4600-B9E5-3F5DBFCD8F50}.Release|iPhoneSimulator.ActiveCfg = Release|Any CPU
		{D3AE0B0F-16BF-4600-B9E5-3F5DBFCD8F50}.Release|iPhoneSimulator.Build.0 = Release|Any CPU
		{D3AE0B0F-16BF-4600-B9E5-3F5DBFCD8F50}.Release|x64.ActiveCfg = Release|Any CPU
		{D3AE0B0F-16BF-4600-B9E5-3F5DBFCD8F50}.Release|x64.Build.0 = Release|Any CPU
		{D3AE0B0F-16BF-4600-B9E5-3F5DBFCD8F50}.Release|x86.ActiveCfg = Release|Any CPU
		{D3AE0B0F-16BF-4600-B9E5-3F5DBFCD8F50}.Release|x86.Build.0 = Release|Any CPU
	EndGlobalSection
	GlobalSection(SolutionProperties) = preSolution
		HideSolutionNode = FALSE
	EndGlobalSection
	GlobalSection(ExtensibilityGlobals) = postSolution
		SolutionGuid = {3EFBBD70-8957-42EB-B120-A420FE19297F}
	EndGlobalSection
EndGlobal
