
Microsoft Visual Studio Solution File, Format Version 12.00
# Visual Studio 15
VisualStudioVersion = 15.0.28010.2016
MinimumVisualStudioVersion = 10.0.40219.1
Project("{FAE04EC0-301F-11D3-BF4B-00C04F79EFBC}") = "UwpCloseConfirmation", "UwpCloseConfirmation\UwpCloseConfirmation.csproj", "{5F9B5F8A-7A8A-4ADE-A21E-21DAF4792533}"
EndProject
Global
	GlobalSection(SolutionConfigurationPlatforms) = preSolution
		Debug|ARM = Debug|ARM
		Debug|x64 = Debug|x64
		Debug|x86 = Debug|x86
		Release|ARM = Release|ARM
		Release|x64 = Release|x64
		Release|x86 = Release|x86
	EndGlobalSection
	GlobalSection(ProjectConfigurationPlatforms) = postSolution
		{5F9B5F8A-7A8A-4ADE-A21E-21DAF4792533}.Debug|ARM.ActiveCfg = Debug|ARM
		{5F9B5F8A-7A8A-4ADE-A21E-21DAF4792533}.Debug|ARM.Build.0 = Debug|ARM
		{5F9B5F8A-7A8A-4ADE-A21E-21DAF4792533}.Debug|ARM.Deploy.0 = Debug|ARM
		{5F9B5F8A-7A8A-4ADE-A21E-21DAF4792533}.Debug|x64.ActiveCfg = Debug|x64
		{5F9B5F8A-7A8A-4ADE-A21E-21DAF4792533}.Debug|x64.Build.0 = Debug|x64
		{5F9B5F8A-7A8A-4ADE-A21E-21DAF4792533}.Debug|x64.Deploy.0 = Debug|x64
		{5F9B5F8A-7A8A-4ADE-A21E-21DAF4792533}.Debug|x86.ActiveCfg = Debug|x86
		{5F9B5F8A-7A8A-4ADE-A21E-21DAF4792533}.Debug|x86.Build.0 = Debug|x86
		{5F9B5F8A-7A8A-4ADE-A21E-21DAF4792533}.Debug|x86.Deploy.0 = Debug|x86
		{5F9B5F8A-7A8A-4ADE-A21E-21DAF4792533}.Release|ARM.ActiveCfg = Release|ARM
		{5F9B5F8A-7A8A-4ADE-A21E-21DAF4792533}.Release|ARM.Build.0 = Release|ARM
		{5F9B5F8A-7A8A-4ADE-A21E-21DAF4792533}.Release|ARM.Deploy.0 = Release|ARM
		{5F9B5F8A-7A8A-4ADE-A21E-21DAF4792533}.Release|x64.ActiveCfg = Release|x64
		{5F9B5F8A-7A8A-4ADE-A21E-21DAF4792533}.Release|x64.Build.0 = Release|x64
		{5F9B5F8A-7A8A-4ADE-A21E-21DAF4792533}.Release|x64.Deploy.0 = Release|x64
		{5F9B5F8A-7A8A-4ADE-A21E-21DAF4792533}.Release|x86.ActiveCfg = Release|x86
		{5F9B5F8A-7A8A-4ADE-A21E-21DAF4792533}.Release|x86.Build.0 = Release|x86
		{5F9B5F8A-7A8A-4ADE-A21E-21DAF4792533}.Release|x86.Deploy.0 = Release|x86
	EndGlobalSection
	GlobalSection(SolutionProperties) = preSolution
		HideSolutionNode = FALSE
	EndGlobalSection
	GlobalSection(ExtensibilityGlobals) = postSolution
		SolutionGuid = {15A57D73-D524-4A3A-9E96-BAC720E54676}
	EndGlobalSection
EndGlobal
