
Microsoft Visual Studio Solution File, Format Version 12.00
# Visual Studio 15
VisualStudioVersion = 15.0.27130.2024
MinimumVisualStudioVersion = 10.0.40219.1
Project("{FAE04EC0-301F-11D3-BF4B-00C04F79EFBC}") = "UwpCalendarViewAlign", "UwpCalendarViewAlign\UwpCalendarViewAlign.csproj", "{ECB98F13-7C25-4876-8530-4D73F262568C}"
EndProject
Global
	GlobalSection(SolutionConfigurationPlatforms) = preSolution
		Debug|ARM = Debug|ARM
		Debug|x64 = Debug|x64
		Debug|x86 = Debug|x86
		Release|ARM = Release|ARM
		Release|x64 = Release|x64
		Release|x86 = Release|x86
	EndGlobalSection
	GlobalSection(ProjectConfigurationPlatforms) = postSolution
		{ECB98F13-7C25-4876-8530-4D73F262568C}.Debug|ARM.ActiveCfg = Debug|ARM
		{ECB98F13-7C25-4876-8530-4D73F262568C}.Debug|ARM.Build.0 = Debug|ARM
		{ECB98F13-7C25-4876-8530-4D73F262568C}.Debug|ARM.Deploy.0 = Debug|ARM
		{ECB98F13-7C25-4876-8530-4D73F262568C}.Debug|x64.ActiveCfg = Debug|x64
		{ECB98F13-7C25-4876-8530-4D73F262568C}.Debug|x64.Build.0 = Debug|x64
		{ECB98F13-7C25-4876-8530-4D73F262568C}.Debug|x64.Deploy.0 = Debug|x64
		{ECB98F13-7C25-4876-8530-4D73F262568C}.Debug|x86.ActiveCfg = Debug|x86
		{ECB98F13-7C25-4876-8530-4D73F262568C}.Debug|x86.Build.0 = Debug|x86
		{ECB98F13-7C25-4876-8530-4D73F262568C}.Debug|x86.Deploy.0 = Debug|x86
		{ECB98F13-7C25-4876-8530-4D73F262568C}.Release|ARM.ActiveCfg = Release|ARM
		{ECB98F13-7C25-4876-8530-4D73F262568C}.Release|ARM.Build.0 = Release|ARM
		{ECB98F13-7C25-4876-8530-4D73F262568C}.Release|ARM.Deploy.0 = Release|ARM
		{ECB98F13-7C25-4876-8530-4D73F262568C}.Release|x64.ActiveCfg = Release|x64
		{ECB98F13-7C25-4876-8530-4D73F262568C}.Release|x64.Build.0 = Release|x64
		{ECB98F13-7C25-4876-8530-4D73F262568C}.Release|x64.Deploy.0 = Release|x64
		{ECB98F13-7C25-4876-8530-4D73F262568C}.Release|x86.ActiveCfg = Release|x86
		{ECB98F13-7C25-4876-8530-4D73F262568C}.Release|x86.Build.0 = Release|x86
		{ECB98F13-7C25-4876-8530-4D73F262568C}.Release|x86.Deploy.0 = Release|x86
	EndGlobalSection
	GlobalSection(SolutionProperties) = preSolution
		HideSolutionNode = FALSE
	EndGlobalSection
	GlobalSection(ExtensibilityGlobals) = postSolution
		SolutionGuid = {5BA0C871-0138-4098-B2FF-673232B0106C}
	EndGlobalSection
EndGlobal
