
Microsoft Visual Studio Solution File, Format Version 12.00
# Visual Studio 15
VisualStudioVersion = 15.0.27703.2047
MinimumVisualStudioVersion = 10.0.40219.1
Project("{FAE04EC0-301F-11D3-BF4B-00C04F79EFBC}") = "XplatApiStats.Android", "XplatApiStats\XplatApiStats.Android\XplatApiStats.Android.csproj", "{B09095D8-F7D1-444C-B5CB-7E20C4E4D010}"
EndProject
Project("{FAE04EC0-301F-11D3-BF4B-00C04F79EFBC}") = "XplatApiStats.iOS", "XplatApiStats\XplatApiStats.iOS\XplatApiStats.iOS.csproj", "{3F686296-E62D-41AC-9C98-C75FBA7398D4}"
EndProject
Project("{FAE04EC0-301F-11D3-BF4B-00C04F79EFBC}") = "XplatApiStats.UWP", "XplatApiStats\XplatApiStats.UWP\XplatApiStats.UWP.csproj", "{184AC9F5-E94E-4A2F-9A42-6C2EDDDBFC1D}"
EndProject
Project("{FAE04EC0-301F-11D3-BF4B-00C04F79EFBC}") = "XplatApiStats", "XplatApiStats\XplatApiStats\XplatApiStats.csproj", "{CCF9D1AD-F719-4ED3-AE43-5935722A3566}"
EndProject
Global
	GlobalSection(SolutionConfigurationPlatforms) = preSolution
		Ad-Hoc|Any CPU = Ad-Hoc|Any CPU
		Ad-Hoc|ARM = Ad-Hoc|ARM
		Ad-Hoc|iPhone = Ad-Hoc|iPhone
		Ad-Hoc|iPhoneSimulator = Ad-Hoc|iPhoneSimulator
		Ad-Hoc|x64 = Ad-Hoc|x64
		Ad-Hoc|x86 = Ad-Hoc|x86
		AppStore|Any CPU = AppStore|Any CPU
		AppStore|ARM = AppStore|ARM
		AppStore|iPhone = AppStore|iPhone
		AppStore|iPhoneSimulator = AppStore|iPhoneSimulator
		AppStore|x64 = AppStore|x64
		AppStore|x86 = AppStore|x86
		Debug|Any CPU = Debug|Any CPU
		Debug|ARM = Debug|ARM
		Debug|iPhone = Debug|iPhone
		Debug|iPhoneSimulator = Debug|iPhoneSimulator
		Debug|x64 = Debug|x64
		Debug|x86 = Debug|x86
		Release|Any CPU = Release|Any CPU
		Release|ARM = Release|ARM
		Release|iPhone = Release|iPhone
		Release|iPhoneSimulator = Release|iPhoneSimulator
		Release|x64 = Release|x64
		Release|x86 = Release|x86
	EndGlobalSection
	GlobalSection(ProjectConfigurationPlatforms) = postSolution
		{B09095D8-F7D1-444C-B5CB-7E20C4E4D010}.Ad-Hoc|Any CPU.ActiveCfg = Release|Any CPU
		{B09095D8-F7D1-444C-B5CB-7E20C4E4D010}.Ad-Hoc|Any CPU.Build.0 = Release|Any CPU
		{B09095D8-F7D1-444C-B5CB-7E20C4E4D010}.Ad-Hoc|Any CPU.Deploy.0 = Release|Any CPU
		{B09095D8-F7D1-444C-B5CB-7E20C4E4D010}.Ad-Hoc|ARM.ActiveCfg = Release|Any CPU
		{B09095D8-F7D1-444C-B5CB-7E20C4E4D010}.Ad-Hoc|ARM.Build.0 = Release|Any CPU
		{B09095D8-F7D1-444C-B5CB-7E20C4E4D010}.Ad-Hoc|ARM.Deploy.0 = Release|Any CPU
		{B09095D8-F7D1-444C-B5CB-7E20C4E4D010}.Ad-Hoc|iPhone.ActiveCfg = Release|Any CPU
		{B09095D8-F7D1-444C-B5CB-7E20C4E4D010}.Ad-Hoc|iPhone.Build.0 = Release|Any CPU
		{B09095D8-F7D1-444C-B5CB-7E20C4E4D010}.Ad-Hoc|iPhone.Deploy.0 = Release|Any CPU
		{B09095D8-F7D1-444C-B5CB-7E20C4E4D010}.Ad-Hoc|iPhoneSimulator.ActiveCfg = Release|Any CPU
		{B09095D8-F7D1-444C-B5CB-7E20C4E4D010}.Ad-Hoc|iPhoneSimulator.Build.0 = Release|Any CPU
		{B09095D8-F7D1-444C-B5CB-7E20C4E4D010}.Ad-Hoc|iPhoneSimulator.Deploy.0 = Release|Any CPU
		{B09095D8-F7D1-444C-B5CB-7E20C4E4D010}.Ad-Hoc|x64.ActiveCfg = Release|Any CPU
		{B09095D8-F7D1-444C-B5CB-7E20C4E4D010}.Ad-Hoc|x64.Build.0 = Release|Any CPU
		{B09095D8-F7D1-444C-B5CB-7E20C4E4D010}.Ad-Hoc|x64.Deploy.0 = Release|Any CPU
		{B09095D8-F7D1-444C-B5CB-7E20C4E4D010}.Ad-Hoc|x86.ActiveCfg = Release|Any CPU
		{B09095D8-F7D1-444C-B5CB-7E20C4E4D010}.Ad-Hoc|x86.Build.0 = Release|Any CPU
		{B09095D8-F7D1-444C-B5CB-7E20C4E4D010}.Ad-Hoc|x86.Deploy.0 = Release|Any CPU
		{B09095D8-F7D1-444C-B5CB-7E20C4E4D010}.AppStore|Any CPU.ActiveCfg = Release|Any CPU
		{B09095D8-F7D1-444C-B5CB-7E20C4E4D010}.AppStore|Any CPU.Build.0 = Release|Any CPU
		{B09095D8-F7D1-444C-B5CB-7E20C4E4D010}.AppStore|Any CPU.Deploy.0 = Release|Any CPU
		{B09095D8-F7D1-444C-B5CB-7E20C4E4D010}.AppStore|ARM.ActiveCfg = Release|Any CPU
		{B09095D8-F7D1-444C-B5CB-7E20C4E4D010}.AppStore|ARM.Build.0 = Release|Any CPU
		{B09095D8-F7D1-444C-B5CB-7E20C4E4D010}.AppStore|ARM.Deploy.0 = Release|Any CPU
		{B09095D8-F7D1-444C-B5CB-7E20C4E4D010}.AppStore|iPhone.ActiveCfg = Release|Any CPU
		{B09095D8-F7D1-444C-B5CB-7E20C4E4D010}.AppStore|iPhone.Build.0 = Release|Any CPU
		{B09095D8-F7D1-444C-B5CB-7E20C4E4D010}.AppStore|iPhone.Deploy.0 = Release|Any CPU
		{B09095D8-F7D1-444C-B5CB-7E20C4E4D010}.AppStore|iPhoneSimulator.ActiveCfg = Release|Any CPU
		{B09095D8-F7D1-444C-B5CB-7E20C4E4D010}.AppStore|iPhoneSimulator.Build.0 = Release|Any CPU
		{B09095D8-F7D1-444C-B5CB-7E20C4E4D010}.AppStore|iPhoneSimulator.Deploy.0 = Release|Any CPU
		{B09095D8-F7D1-444C-B5CB-7E20C4E4D010}.AppStore|x64.ActiveCfg = Release|Any CPU
		{B09095D8-F7D1-444C-B5CB-7E20C4E4D010}.AppStore|x64.Build.0 = Release|Any CPU
		{B09095D8-F7D1-444C-B5CB-7E20C4E4D010}.AppStore|x64.Deploy.0 = Release|Any CPU
		{B09095D8-F7D1-444C-B5CB-7E20C4E4D010}.AppStore|x86.ActiveCfg = Release|Any CPU
		{B09095D8-F7D1-444C-B5CB-7E20C4E4D010}.AppStore|x86.Build.0 = Release|Any CPU
		{B09095D8-F7D1-444C-B5CB-7E20C4E4D010}.AppStore|x86.Deploy.0 = Release|Any CPU
		{B09095D8-F7D1-444C-B5CB-7E20C4E4D010}.Debug|Any CPU.ActiveCfg = Debug|Any CPU
		{B09095D8-F7D1-444C-B5CB-7E20C4E4D010}.Debug|Any CPU.Build.0 = Debug|Any CPU
		{B09095D8-F7D1-444C-B5CB-7E20C4E4D010}.Debug|Any CPU.Deploy.0 = Debug|Any CPU
		{B09095D8-F7D1-444C-B5CB-7E20C4E4D010}.Debug|ARM.ActiveCfg = Debug|Any CPU
		{B09095D8-F7D1-444C-B5CB-7E20C4E4D010}.Debug|ARM.Build.0 = Debug|Any CPU
		{B09095D8-F7D1-444C-B5CB-7E20C4E4D010}.Debug|ARM.Deploy.0 = Debug|Any CPU
		{B09095D8-F7D1-444C-B5CB-7E20C4E4D010}.Debug|iPhone.ActiveCfg = Debug|Any CPU
		{B09095D8-F7D1-444C-B5CB-7E20C4E4D010}.Debug|iPhone.Build.0 = Debug|Any CPU
		{B09095D8-F7D1-444C-B5CB-7E20C4E4D010}.Debug|iPhone.Deploy.0 = Debug|Any CPU
		{B09095D8-F7D1-444C-B5CB-7E20C4E4D010}.Debug|iPhoneSimulator.ActiveCfg = Debug|Any CPU
		{B09095D8-F7D1-444C-B5CB-7E20C4E4D010}.Debug|iPhoneSimulator.Build.0 = Debug|Any CPU
		{B09095D8-F7D1-444C-B5CB-7E20C4E4D010}.Debug|iPhoneSimulator.Deploy.0 = Debug|Any CPU
		{B09095D8-F7D1-444C-B5CB-7E20C4E4D010}.Debug|x64.ActiveCfg = Debug|Any CPU
		{B09095D8-F7D1-444C-B5CB-7E20C4E4D010}.Debug|x64.Build.0 = Debug|Any CPU
		{B09095D8-F7D1-444C-B5CB-7E20C4E4D010}.Debug|x64.Deploy.0 = Debug|Any CPU
		{B09095D8-F7D1-444C-B5CB-7E20C4E4D010}.Debug|x86.ActiveCfg = Debug|Any CPU
		{B09095D8-F7D1-444C-B5CB-7E20C4E4D010}.Debug|x86.Build.0 = Debug|Any CPU
		{B09095D8-F7D1-444C-B5CB-7E20C4E4D010}.Debug|x86.Deploy.0 = Debug|Any CPU
		{B09095D8-F7D1-444C-B5CB-7E20C4E4D010}.Release|Any CPU.ActiveCfg = Release|Any CPU
		{B09095D8-F7D1-444C-B5CB-7E20C4E4D010}.Release|Any CPU.Build.0 = Release|Any CPU
		{B09095D8-F7D1-444C-B5CB-7E20C4E4D010}.Release|Any CPU.Deploy.0 = Release|Any CPU
		{B09095D8-F7D1-444C-B5CB-7E20C4E4D010}.Release|ARM.ActiveCfg = Release|Any CPU
		{B09095D8-F7D1-444C-B5CB-7E20C4E4D010}.Release|ARM.Build.0 = Release|Any CPU
		{B09095D8-F7D1-444C-B5CB-7E20C4E4D010}.Release|ARM.Deploy.0 = Release|Any CPU
		{B09095D8-F7D1-444C-B5CB-7E20C4E4D010}.Release|iPhone.ActiveCfg = Release|Any CPU
		{B09095D8-F7D1-444C-B5CB-7E20C4E4D010}.Release|iPhone.Build.0 = Release|Any CPU
		{B09095D8-F7D1-444C-B5CB-7E20C4E4D010}.Release|iPhone.Deploy.0 = Release|Any CPU
		{B09095D8-F7D1-444C-B5CB-7E20C4E4D010}.Release|iPhoneSimulator.ActiveCfg = Release|Any CPU
		{B09095D8-F7D1-444C-B5CB-7E20C4E4D010}.Release|iPhoneSimulator.Build.0 = Release|Any CPU
		{B09095D8-F7D1-444C-B5CB-7E20C4E4D010}.Release|iPhoneSimulator.Deploy.0 = Release|Any CPU
		{B09095D8-F7D1-444C-B5CB-7E20C4E4D010}.Release|x64.ActiveCfg = Release|Any CPU
		{B09095D8-F7D1-444C-B5CB-7E20C4E4D010}.Release|x64.Build.0 = Release|Any CPU
		{B09095D8-F7D1-444C-B5CB-7E20C4E4D010}.Release|x64.Deploy.0 = Release|Any CPU
		{B09095D8-F7D1-444C-B5CB-7E20C4E4D010}.Release|x86.ActiveCfg = Release|Any CPU
		{B09095D8-F7D1-444C-B5CB-7E20C4E4D010}.Release|x86.Build.0 = Release|Any CPU
		{B09095D8-F7D1-444C-B5CB-7E20C4E4D010}.Release|x86.Deploy.0 = Release|Any CPU
		{3F686296-E62D-41AC-9C98-C75FBA7398D4}.Ad-Hoc|Any CPU.ActiveCfg = Ad-Hoc|iPhone
		{3F686296-E62D-41AC-9C98-C75FBA7398D4}.Ad-Hoc|Any CPU.Build.0 = Ad-Hoc|iPhone
		{3F686296-E62D-41AC-9C98-C75FBA7398D4}.Ad-Hoc|Any CPU.Deploy.0 = Ad-Hoc|iPhone
		{3F686296-E62D-41AC-9C98-C75FBA7398D4}.Ad-Hoc|ARM.ActiveCfg = Ad-Hoc|iPhone
		{3F686296-E62D-41AC-9C98-C75FBA7398D4}.Ad-Hoc|ARM.Build.0 = Ad-Hoc|iPhone
		{3F686296-E62D-41AC-9C98-C75FBA7398D4}.Ad-Hoc|ARM.Deploy.0 = Ad-Hoc|iPhone
		{3F686296-E62D-41AC-9C98-C75FBA7398D4}.Ad-Hoc|iPhone.ActiveCfg = Ad-Hoc|iPhone
		{3F686296-E62D-41AC-9C98-C75FBA7398D4}.Ad-Hoc|iPhone.Build.0 = Ad-Hoc|iPhone
		{3F686296-E62D-41AC-9C98-C75FBA7398D4}.Ad-Hoc|iPhone.Deploy.0 = Ad-Hoc|iPhone
		{3F686296-E62D-41AC-9C98-C75FBA7398D4}.Ad-Hoc|iPhoneSimulator.ActiveCfg = Ad-Hoc|iPhoneSimulator
		{3F686296-E62D-41AC-9C98-C75FBA7398D4}.Ad-Hoc|iPhoneSimulator.Build.0 = Ad-Hoc|iPhoneSimulator
		{3F686296-E62D-41AC-9C98-C75FBA7398D4}.Ad-Hoc|iPhoneSimulator.Deploy.0 = Ad-Hoc|iPhoneSimulator
		{3F686296-E62D-41AC-9C98-C75FBA7398D4}.Ad-Hoc|x64.ActiveCfg = Ad-Hoc|iPhone
		{3F686296-E62D-41AC-9C98-C75FBA7398D4}.Ad-Hoc|x64.Build.0 = Ad-Hoc|iPhone
		{3F686296-E62D-41AC-9C98-C75FBA7398D4}.Ad-Hoc|x64.Deploy.0 = Ad-Hoc|iPhone
		{3F686296-E62D-41AC-9C98-C75FBA7398D4}.Ad-Hoc|x86.ActiveCfg = Ad-Hoc|iPhone
		{3F686296-E62D-41AC-9C98-C75FBA7398D4}.Ad-Hoc|x86.Build.0 = Ad-Hoc|iPhone
		{3F686296-E62D-41AC-9C98-C75FBA7398D4}.Ad-Hoc|x86.Deploy.0 = Ad-Hoc|iPhone
		{3F686296-E62D-41AC-9C98-C75FBA7398D4}.AppStore|Any CPU.ActiveCfg = AppStore|iPhone
		{3F686296-E62D-41AC-9C98-C75FBA7398D4}.AppStore|Any CPU.Build.0 = AppStore|iPhone
		{3F686296-E62D-41AC-9C98-C75FBA7398D4}.AppStore|Any CPU.Deploy.0 = AppStore|iPhone
		{3F686296-E62D-41AC-9C98-C75FBA7398D4}.AppStore|ARM.ActiveCfg = AppStore|iPhone
		{3F686296-E62D-41AC-9C98-C75FBA7398D4}.AppStore|ARM.Build.0 = AppStore|iPhone
		{3F686296-E62D-41AC-9C98-C75FBA7398D4}.AppStore|ARM.Deploy.0 = AppStore|iPhone
		{3F686296-E62D-41AC-9C98-C75FBA7398D4}.AppStore|iPhone.ActiveCfg = AppStore|iPhone
		{3F686296-E62D-41AC-9C98-C75FBA7398D4}.AppStore|iPhone.Build.0 = AppStore|iPhone
		{3F686296-E62D-41AC-9C98-C75FBA7398D4}.AppStore|iPhone.Deploy.0 = AppStore|iPhone
		{3F686296-E62D-41AC-9C98-C75FBA7398D4}.AppStore|iPhoneSimulator.ActiveCfg = AppStore|iPhoneSimulator
		{3F686296-E62D-41AC-9C98-C75FBA7398D4}.AppStore|iPhoneSimulator.Build.0 = AppStore|iPhoneSimulator
		{3F686296-E62D-41AC-9C98-C75FBA7398D4}.AppStore|iPhoneSimulator.Deploy.0 = AppStore|iPhoneSimulator
		{3F686296-E62D-41AC-9C98-C75FBA7398D4}.AppStore|x64.ActiveCfg = AppStore|iPhone
		{3F686296-E62D-41AC-9C98-C75FBA7398D4}.AppStore|x64.Build.0 = AppStore|iPhone
		{3F686296-E62D-41AC-9C98-C75FBA7398D4}.AppStore|x64.Deploy.0 = AppStore|iPhone
		{3F686296-E62D-41AC-9C98-C75FBA7398D4}.AppStore|x86.ActiveCfg = AppStore|iPhone
		{3F686296-E62D-41AC-9C98-C75FBA7398D4}.AppStore|x86.Build.0 = AppStore|iPhone
		{3F686296-E62D-41AC-9C98-C75FBA7398D4}.AppStore|x86.Deploy.0 = AppStore|iPhone
		{3F686296-E62D-41AC-9C98-C75FBA7398D4}.Debug|Any CPU.ActiveCfg = Debug|iPhoneSimulator
		{3F686296-E62D-41AC-9C98-C75FBA7398D4}.Debug|Any CPU.Build.0 = Debug|iPhoneSimulator
		{3F686296-E62D-41AC-9C98-C75FBA7398D4}.Debug|Any CPU.Deploy.0 = Debug|iPhoneSimulator
		{3F686296-E62D-41AC-9C98-C75FBA7398D4}.Debug|ARM.ActiveCfg = Debug|iPhone
		{3F686296-E62D-41AC-9C98-C75FBA7398D4}.Debug|ARM.Build.0 = Debug|iPhone
		{3F686296-E62D-41AC-9C98-C75FBA7398D4}.Debug|ARM.Deploy.0 = Debug|iPhone
		{3F686296-E62D-41AC-9C98-C75FBA7398D4}.Debug|iPhone.ActiveCfg = Debug|iPhone
		{3F686296-E62D-41AC-9C98-C75FBA7398D4}.Debug|iPhone.Build.0 = Debug|iPhone
		{3F686296-E62D-41AC-9C98-C75FBA7398D4}.Debug|iPhone.Deploy.0 = Debug|iPhone
		{3F686296-E62D-41AC-9C98-C75FBA7398D4}.Debug|iPhoneSimulator.ActiveCfg = Debug|iPhoneSimulator
		{3F686296-E62D-41AC-9C98-C75FBA7398D4}.Debug|iPhoneSimulator.Build.0 = Debug|iPhoneSimulator
		{3F686296-E62D-41AC-9C98-C75FBA7398D4}.Debug|iPhoneSimulator.Deploy.0 = Debug|iPhoneSimulator
		{3F686296-E62D-41AC-9C98-C75FBA7398D4}.Debug|x64.ActiveCfg = Debug|iPhone
		{3F686296-E62D-41AC-9C98-C75FBA7398D4}.Debug|x64.Build.0 = Debug|iPhone
		{3F686296-E62D-41AC-9C98-C75FBA7398D4}.Debug|x64.Deploy.0 = Debug|iPhone
		{3F686296-E62D-41AC-9C98-C75FBA7398D4}.Debug|x86.ActiveCfg = Debug|iPhone
		{3F686296-E62D-41AC-9C98-C75FBA7398D4}.Debug|x86.Build.0 = Debug|iPhone
		{3F686296-E62D-41AC-9C98-C75FBA7398D4}.Debug|x86.Deploy.0 = Debug|iPhone
		{3F686296-E62D-41AC-9C98-C75FBA7398D4}.Release|Any CPU.ActiveCfg = Release|iPhone
		{3F686296-E62D-41AC-9C98-C75FBA7398D4}.Release|Any CPU.Build.0 = Release|iPhone
		{3F686296-E62D-41AC-9C98-C75FBA7398D4}.Release|Any CPU.Deploy.0 = Release|iPhone
		{3F686296-E62D-41AC-9C98-C75FBA7398D4}.Release|ARM.ActiveCfg = Release|iPhone
		{3F686296-E62D-41AC-9C98-C75FBA7398D4}.Release|ARM.Build.0 = Release|iPhone
		{3F686296-E62D-41AC-9C98-C75FBA7398D4}.Release|ARM.Deploy.0 = Release|iPhone
		{3F686296-E62D-41AC-9C98-C75FBA7398D4}.Release|iPhone.ActiveCfg = Release|iPhone
		{3F686296-E62D-41AC-9C98-C75FBA7398D4}.Release|iPhone.Build.0 = Release|iPhone
		{3F686296-E62D-41AC-9C98-C75FBA7398D4}.Release|iPhone.Deploy.0 = Release|iPhone
		{3F686296-E62D-41AC-9C98-C75FBA7398D4}.Release|iPhoneSimulator.ActiveCfg = Release|iPhoneSimulator
		{3F686296-E62D-41AC-9C98-C75FBA7398D4}.Release|iPhoneSimulator.Build.0 = Release|iPhoneSimulator
		{3F686296-E62D-41AC-9C98-C75FBA7398D4}.Release|iPhoneSimulator.Deploy.0 = Release|iPhoneSimulator
		{3F686296-E62D-41AC-9C98-C75FBA7398D4}.Release|x64.ActiveCfg = Release|iPhone
		{3F686296-E62D-41AC-9C98-C75FBA7398D4}.Release|x64.Build.0 = Release|iPhone
		{3F686296-E62D-41AC-9C98-C75FBA7398D4}.Release|x64.Deploy.0 = Release|iPhone
		{3F686296-E62D-41AC-9C98-C75FBA7398D4}.Release|x86.ActiveCfg = Release|iPhone
		{3F686296-E62D-41AC-9C98-C75FBA7398D4}.Release|x86.Build.0 = Release|iPhone
		{3F686296-E62D-41AC-9C98-C75FBA7398D4}.Release|x86.Deploy.0 = Release|iPhone
		{184AC9F5-E94E-4A2F-9A42-6C2EDDDBFC1D}.Ad-Hoc|Any CPU.ActiveCfg = Release|x86
		{184AC9F5-E94E-4A2F-9A42-6C2EDDDBFC1D}.Ad-Hoc|Any CPU.Build.0 = Release|x86
		{184AC9F5-E94E-4A2F-9A42-6C2EDDDBFC1D}.Ad-Hoc|Any CPU.Deploy.0 = Release|x86
		{184AC9F5-E94E-4A2F-9A42-6C2EDDDBFC1D}.Ad-Hoc|ARM.ActiveCfg = Release|ARM
		{184AC9F5-E94E-4A2F-9A42-6C2EDDDBFC1D}.Ad-Hoc|ARM.Build.0 = Release|ARM
		{184AC9F5-E94E-4A2F-9A42-6C2EDDDBFC1D}.Ad-Hoc|ARM.Deploy.0 = Release|ARM
		{184AC9F5-E94E-4A2F-9A42-6C2EDDDBFC1D}.Ad-Hoc|iPhone.ActiveCfg = Release|x86
		{184AC9F5-E94E-4A2F-9A42-6C2EDDDBFC1D}.Ad-Hoc|iPhone.Build.0 = Release|x86
		{184AC9F5-E94E-4A2F-9A42-6C2EDDDBFC1D}.Ad-Hoc|iPhone.Deploy.0 = Release|x86
		{184AC9F5-E94E-4A2F-9A42-6C2EDDDBFC1D}.Ad-Hoc|iPhoneSimulator.ActiveCfg = Release|x86
		{184AC9F5-E94E-4A2F-9A42-6C2EDDDBFC1D}.Ad-Hoc|iPhoneSimulator.Build.0 = Release|x86
		{184AC9F5-E94E-4A2F-9A42-6C2EDDDBFC1D}.Ad-Hoc|iPhoneSimulator.Deploy.0 = Release|x86
		{184AC9F5-E94E-4A2F-9A42-6C2EDDDBFC1D}.Ad-Hoc|x64.ActiveCfg = Release|x64
		{184AC9F5-E94E-4A2F-9A42-6C2EDDDBFC1D}.Ad-Hoc|x64.Build.0 = Release|x64
		{184AC9F5-E94E-4A2F-9A42-6C2EDDDBFC1D}.Ad-Hoc|x64.Deploy.0 = Release|x64
		{184AC9F5-E94E-4A2F-9A42-6C2EDDDBFC1D}.Ad-Hoc|x86.ActiveCfg = Release|x86
		{184AC9F5-E94E-4A2F-9A42-6C2EDDDBFC1D}.Ad-Hoc|x86.Build.0 = Release|x86
		{184AC9F5-E94E-4A2F-9A42-6C2EDDDBFC1D}.Ad-Hoc|x86.Deploy.0 = Release|x86
		{184AC9F5-E94E-4A2F-9A42-6C2EDDDBFC1D}.AppStore|Any CPU.ActiveCfg = Release|x86
		{184AC9F5-E94E-4A2F-9A42-6C2EDDDBFC1D}.AppStore|Any CPU.Build.0 = Release|x86
		{184AC9F5-E94E-4A2F-9A42-6C2EDDDBFC1D}.AppStore|Any CPU.Deploy.0 = Release|x86
		{184AC9F5-E94E-4A2F-9A42-6C2EDDDBFC1D}.AppStore|ARM.ActiveCfg = Release|ARM
		{184AC9F5-E94E-4A2F-9A42-6C2EDDDBFC1D}.AppStore|ARM.Build.0 = Release|ARM
		{184AC9F5-E94E-4A2F-9A42-6C2EDDDBFC1D}.AppStore|ARM.Deploy.0 = Release|ARM
		{184AC9F5-E94E-4A2F-9A42-6C2EDDDBFC1D}.AppStore|iPhone.ActiveCfg = Release|x86
		{184AC9F5-E94E-4A2F-9A42-6C2EDDDBFC1D}.AppStore|iPhone.Build.0 = Release|x86
		{184AC9F5-E94E-4A2F-9A42-6C2EDDDBFC1D}.AppStore|iPhone.Deploy.0 = Release|x86
		{184AC9F5-E94E-4A2F-9A42-6C2EDDDBFC1D}.AppStore|iPhoneSimulator.ActiveCfg = Release|x86
		{184AC9F5-E94E-4A2F-9A42-6C2EDDDBFC1D}.AppStore|iPhoneSimulator.Build.0 = Release|x86
		{184AC9F5-E94E-4A2F-9A42-6C2EDDDBFC1D}.AppStore|iPhoneSimulator.Deploy.0 = Release|x86
		{184AC9F5-E94E-4A2F-9A42-6C2EDDDBFC1D}.AppStore|x64.ActiveCfg = Release|x64
		{184AC9F5-E94E-4A2F-9A42-6C2EDDDBFC1D}.AppStore|x64.Build.0 = Release|x64
		{184AC9F5-E94E-4A2F-9A42-6C2EDDDBFC1D}.AppStore|x64.Deploy.0 = Release|x64
		{184AC9F5-E94E-4A2F-9A42-6C2EDDDBFC1D}.AppStore|x86.ActiveCfg = Release|x86
		{184AC9F5-E94E-4A2F-9A42-6C2EDDDBFC1D}.AppStore|x86.Build.0 = Release|x86
		{184AC9F5-E94E-4A2F-9A42-6C2EDDDBFC1D}.AppStore|x86.Deploy.0 = Release|x86
		{184AC9F5-E94E-4A2F-9A42-6C2EDDDBFC1D}.Debug|Any CPU.ActiveCfg = Debug|x86
		{184AC9F5-E94E-4A2F-9A42-6C2EDDDBFC1D}.Debug|Any CPU.Build.0 = Debug|x86
		{184AC9F5-E94E-4A2F-9A42-6C2EDDDBFC1D}.Debug|Any CPU.Deploy.0 = Debug|x86
		{184AC9F5-E94E-4A2F-9A42-6C2EDDDBFC1D}.Debug|ARM.ActiveCfg = Debug|ARM
		{184AC9F5-E94E-4A2F-9A42-6C2EDDDBFC1D}.Debug|ARM.Build.0 = Debug|ARM
		{184AC9F5-E94E-4A2F-9A42-6C2EDDDBFC1D}.Debug|ARM.Deploy.0 = Debug|ARM
		{184AC9F5-E94E-4A2F-9A42-6C2EDDDBFC1D}.Debug|iPhone.ActiveCfg = Debug|x86
		{184AC9F5-E94E-4A2F-9A42-6C2EDDDBFC1D}.Debug|iPhone.Build.0 = Debug|x86
		{184AC9F5-E94E-4A2F-9A42-6C2EDDDBFC1D}.Debug|iPhone.Deploy.0 = Debug|x86
		{184AC9F5-E94E-4A2F-9A42-6C2EDDDBFC1D}.Debug|iPhoneSimulator.ActiveCfg = Debug|x86
		{184AC9F5-E94E-4A2F-9A42-6C2EDDDBFC1D}.Debug|iPhoneSimulator.Build.0 = Debug|x86
		{184AC9F5-E94E-4A2F-9A42-6C2EDDDBFC1D}.Debug|iPhoneSimulator.Deploy.0 = Debug|x86
		{184AC9F5-E94E-4A2F-9A42-6C2EDDDBFC1D}.Debug|x64.ActiveCfg = Debug|x64
		{184AC9F5-E94E-4A2F-9A42-6C2EDDDBFC1D}.Debug|x64.Build.0 = Debug|x64
		{184AC9F5-E94E-4A2F-9A42-6C2EDDDBFC1D}.Debug|x64.Deploy.0 = Debug|x64
		{184AC9F5-E94E-4A2F-9A42-6C2EDDDBFC1D}.Debug|x86.ActiveCfg = Debug|x86
		{184AC9F5-E94E-4A2F-9A42-6C2EDDDBFC1D}.Debug|x86.Build.0 = Debug|x86
		{184AC9F5-E94E-4A2F-9A42-6C2EDDDBFC1D}.Debug|x86.Deploy.0 = Debug|x86
		{184AC9F5-E94E-4A2F-9A42-6C2EDDDBFC1D}.Release|Any CPU.ActiveCfg = Release|x86
		{184AC9F5-E94E-4A2F-9A42-6C2EDDDBFC1D}.Release|Any CPU.Build.0 = Release|x86
		{184AC9F5-E94E-4A2F-9A42-6C2EDDDBFC1D}.Release|Any CPU.Deploy.0 = Release|x86
		{184AC9F5-E94E-4A2F-9A42-6C2EDDDBFC1D}.Release|ARM.ActiveCfg = Release|ARM
		{184AC9F5-E94E-4A2F-9A42-6C2EDDDBFC1D}.Release|ARM.Build.0 = Release|ARM
		{184AC9F5-E94E-4A2F-9A42-6C2EDDDBFC1D}.Release|ARM.Deploy.0 = Release|ARM
		{184AC9F5-E94E-4A2F-9A42-6C2EDDDBFC1D}.Release|iPhone.ActiveCfg = Release|x86
		{184AC9F5-E94E-4A2F-9A42-6C2EDDDBFC1D}.Release|iPhone.Build.0 = Release|x86
		{184AC9F5-E94E-4A2F-9A42-6C2EDDDBFC1D}.Release|iPhone.Deploy.0 = Release|x86
		{184AC9F5-E94E-4A2F-9A42-6C2EDDDBFC1D}.Release|iPhoneSimulator.ActiveCfg = Release|x86
		{184AC9F5-E94E-4A2F-9A42-6C2EDDDBFC1D}.Release|iPhoneSimulator.Build.0 = Release|x86
		{184AC9F5-E94E-4A2F-9A42-6C2EDDDBFC1D}.Release|iPhoneSimulator.Deploy.0 = Release|x86
		{184AC9F5-E94E-4A2F-9A42-6C2EDDDBFC1D}.Release|x64.ActiveCfg = Release|x64
		{184AC9F5-E94E-4A2F-9A42-6C2EDDDBFC1D}.Release|x64.Build.0 = Release|x64
		{184AC9F5-E94E-4A2F-9A42-6C2EDDDBFC1D}.Release|x64.Deploy.0 = Release|x64
		{184AC9F5-E94E-4A2F-9A42-6C2EDDDBFC1D}.Release|x86.ActiveCfg = Release|x86
		{184AC9F5-E94E-4A2F-9A42-6C2EDDDBFC1D}.Release|x86.Build.0 = Release|x86
		{184AC9F5-E94E-4A2F-9A42-6C2EDDDBFC1D}.Release|x86.Deploy.0 = Release|x86
		{CCF9D1AD-F719-4ED3-AE43-5935722A3566}.Ad-Hoc|Any CPU.ActiveCfg = Debug|Any CPU
		{CCF9D1AD-F719-4ED3-AE43-5935722A3566}.Ad-Hoc|Any CPU.Build.0 = Debug|Any CPU
		{CCF9D1AD-F719-4ED3-AE43-5935722A3566}.Ad-Hoc|Any CPU.Deploy.0 = Debug|Any CPU
		{CCF9D1AD-F719-4ED3-AE43-5935722A3566}.Ad-Hoc|ARM.ActiveCfg = Debug|Any CPU
		{CCF9D1AD-F719-4ED3-AE43-5935722A3566}.Ad-Hoc|ARM.Build.0 = Debug|Any CPU
		{CCF9D1AD-F719-4ED3-AE43-5935722A3566}.Ad-Hoc|ARM.Deploy.0 = Debug|Any CPU
		{CCF9D1AD-F719-4ED3-AE43-5935722A3566}.Ad-Hoc|iPhone.ActiveCfg = Debug|Any CPU
		{CCF9D1AD-F719-4ED3-AE43-5935722A3566}.Ad-Hoc|iPhone.Build.0 = Debug|Any CPU
		{CCF9D1AD-F719-4ED3-AE43-5935722A3566}.Ad-Hoc|iPhone.Deploy.0 = Debug|Any CPU
		{CCF9D1AD-F719-4ED3-AE43-5935722A3566}.Ad-Hoc|iPhoneSimulator.ActiveCfg = Debug|Any CPU
		{CCF9D1AD-F719-4ED3-AE43-5935722A3566}.Ad-Hoc|iPhoneSimulator.Build.0 = Debug|Any CPU
		{CCF9D1AD-F719-4ED3-AE43-5935722A3566}.Ad-Hoc|iPhoneSimulator.Deploy.0 = Debug|Any CPU
		{CCF9D1AD-F719-4ED3-AE43-5935722A3566}.Ad-Hoc|x64.ActiveCfg = Debug|Any CPU
		{CCF9D1AD-F719-4ED3-AE43-5935722A3566}.Ad-Hoc|x64.Build.0 = Debug|Any CPU
		{CCF9D1AD-F719-4ED3-AE43-5935722A3566}.Ad-Hoc|x64.Deploy.0 = Debug|Any CPU
		{CCF9D1AD-F719-4ED3-AE43-5935722A3566}.Ad-Hoc|x86.ActiveCfg = Debug|Any CPU
		{CCF9D1AD-F719-4ED3-AE43-5935722A3566}.Ad-Hoc|x86.Build.0 = Debug|Any CPU
		{CCF9D1AD-F719-4ED3-AE43-5935722A3566}.Ad-Hoc|x86.Deploy.0 = Debug|Any CPU
		{CCF9D1AD-F719-4ED3-AE43-5935722A3566}.AppStore|Any CPU.ActiveCfg = Debug|Any CPU
		{CCF9D1AD-F719-4ED3-AE43-5935722A3566}.AppStore|Any CPU.Build.0 = Debug|Any CPU
		{CCF9D1AD-F719-4ED3-AE43-5935722A3566}.AppStore|Any CPU.Deploy.0 = Debug|Any CPU
		{CCF9D1AD-F719-4ED3-AE43-5935722A3566}.AppStore|ARM.ActiveCfg = Debug|Any CPU
		{CCF9D1AD-F719-4ED3-AE43-5935722A3566}.AppStore|ARM.Build.0 = Debug|Any CPU
		{CCF9D1AD-F719-4ED3-AE43-5935722A3566}.AppStore|ARM.Deploy.0 = Debug|Any CPU
		{CCF9D1AD-F719-4ED3-AE43-5935722A3566}.AppStore|iPhone.ActiveCfg = Debug|Any CPU
		{CCF9D1AD-F719-4ED3-AE43-5935722A3566}.AppStore|iPhone.Build.0 = Debug|Any CPU
		{CCF9D1AD-F719-4ED3-AE43-5935722A3566}.AppStore|iPhone.Deploy.0 = Debug|Any CPU
		{CCF9D1AD-F719-4ED3-AE43-5935722A3566}.AppStore|iPhoneSimulator.ActiveCfg = Debug|Any CPU
		{CCF9D1AD-F719-4ED3-AE43-5935722A3566}.AppStore|iPhoneSimulator.Build.0 = Debug|Any CPU
		{CCF9D1AD-F719-4ED3-AE43-5935722A3566}.AppStore|iPhoneSimulator.Deploy.0 = Debug|Any CPU
		{CCF9D1AD-F719-4ED3-AE43-5935722A3566}.AppStore|x64.ActiveCfg = Debug|Any CPU
		{CCF9D1AD-F719-4ED3-AE43-5935722A3566}.AppStore|x64.Build.0 = Debug|Any CPU
		{CCF9D1AD-F719-4ED3-AE43-5935722A3566}.AppStore|x64.Deploy.0 = Debug|Any CPU
		{CCF9D1AD-F719-4ED3-AE43-5935722A3566}.AppStore|x86.ActiveCfg = Debug|Any CPU
		{CCF9D1AD-F719-4ED3-AE43-5935722A3566}.AppStore|x86.Build.0 = Debug|Any CPU
		{CCF9D1AD-F719-4ED3-AE43-5935722A3566}.AppStore|x86.Deploy.0 = Debug|Any CPU
		{CCF9D1AD-F719-4ED3-AE43-5935722A3566}.Debug|Any CPU.ActiveCfg = Debug|Any CPU
		{CCF9D1AD-F719-4ED3-AE43-5935722A3566}.Debug|Any CPU.Build.0 = Debug|Any CPU
		{CCF9D1AD-F719-4ED3-AE43-5935722A3566}.Debug|Any CPU.Deploy.0 = Debug|Any CPU
		{CCF9D1AD-F719-4ED3-AE43-5935722A3566}.Debug|ARM.ActiveCfg = Debug|Any CPU
		{CCF9D1AD-F719-4ED3-AE43-5935722A3566}.Debug|ARM.Build.0 = Debug|Any CPU
		{CCF9D1AD-F719-4ED3-AE43-5935722A3566}.Debug|ARM.Deploy.0 = Debug|Any CPU
		{CCF9D1AD-F719-4ED3-AE43-5935722A3566}.Debug|iPhone.ActiveCfg = Debug|Any CPU
		{CCF9D1AD-F719-4ED3-AE43-5935722A3566}.Debug|iPhone.Build.0 = Debug|Any CPU
		{CCF9D1AD-F719-4ED3-AE43-5935722A3566}.Debug|iPhone.Deploy.0 = Debug|Any CPU
		{CCF9D1AD-F719-4ED3-AE43-5935722A3566}.Debug|iPhoneSimulator.ActiveCfg = Debug|Any CPU
		{CCF9D1AD-F719-4ED3-AE43-5935722A3566}.Debug|iPhoneSimulator.Build.0 = Debug|Any CPU
		{CCF9D1AD-F719-4ED3-AE43-5935722A3566}.Debug|iPhoneSimulator.Deploy.0 = Debug|Any CPU
		{CCF9D1AD-F719-4ED3-AE43-5935722A3566}.Debug|x64.ActiveCfg = Debug|Any CPU
		{CCF9D1AD-F719-4ED3-AE43-5935722A3566}.Debug|x64.Build.0 = Debug|Any CPU
		{CCF9D1AD-F719-4ED3-AE43-5935722A3566}.Debug|x64.Deploy.0 = Debug|Any CPU
		{CCF9D1AD-F719-4ED3-AE43-5935722A3566}.Debug|x86.ActiveCfg = Debug|Any CPU
		{CCF9D1AD-F719-4ED3-AE43-5935722A3566}.Debug|x86.Build.0 = Debug|Any CPU
		{CCF9D1AD-F719-4ED3-AE43-5935722A3566}.Debug|x86.Deploy.0 = Debug|Any CPU
		{CCF9D1AD-F719-4ED3-AE43-5935722A3566}.Release|Any CPU.ActiveCfg = Release|Any CPU
		{CCF9D1AD-F719-4ED3-AE43-5935722A3566}.Release|Any CPU.Build.0 = Release|Any CPU
		{CCF9D1AD-F719-4ED3-AE43-5935722A3566}.Release|Any CPU.Deploy.0 = Release|Any CPU
		{CCF9D1AD-F719-4ED3-AE43-5935722A3566}.Release|ARM.ActiveCfg = Release|Any CPU
		{CCF9D1AD-F719-4ED3-AE43-5935722A3566}.Release|ARM.Build.0 = Release|Any CPU
		{CCF9D1AD-F719-4ED3-AE43-5935722A3566}.Release|ARM.Deploy.0 = Release|Any CPU
		{CCF9D1AD-F719-4ED3-AE43-5935722A3566}.Release|iPhone.ActiveCfg = Release|Any CPU
		{CCF9D1AD-F719-4ED3-AE43-5935722A3566}.Release|iPhone.Build.0 = Release|Any CPU
		{CCF9D1AD-F719-4ED3-AE43-5935722A3566}.Release|iPhone.Deploy.0 = Release|Any CPU
		{CCF9D1AD-F719-4ED3-AE43-5935722A3566}.Release|iPhoneSimulator.ActiveCfg = Release|Any CPU
		{CCF9D1AD-F719-4ED3-AE43-5935722A3566}.Release|iPhoneSimulator.Build.0 = Release|Any CPU
		{CCF9D1AD-F719-4ED3-AE43-5935722A3566}.Release|iPhoneSimulator.Deploy.0 = Release|Any CPU
		{CCF9D1AD-F719-4ED3-AE43-5935722A3566}.Release|x64.ActiveCfg = Release|Any CPU
		{CCF9D1AD-F719-4ED3-AE43-5935722A3566}.Release|x64.Build.0 = Release|Any CPU
		{CCF9D1AD-F719-4ED3-AE43-5935722A3566}.Release|x64.Deploy.0 = Release|Any CPU
		{CCF9D1AD-F719-4ED3-AE43-5935722A3566}.Release|x86.ActiveCfg = Release|Any CPU
		{CCF9D1AD-F719-4ED3-AE43-5935722A3566}.Release|x86.Build.0 = Release|Any CPU
		{CCF9D1AD-F719-4ED3-AE43-5935722A3566}.Release|x86.Deploy.0 = Release|Any CPU
	EndGlobalSection
	GlobalSection(SolutionProperties) = preSolution
		HideSolutionNode = FALSE
	EndGlobalSection
	GlobalSection(ExtensibilityGlobals) = postSolution
		SolutionGuid = {75977FD2-338C-47FF-970D-9D7BEABF1764}
	EndGlobalSection
EndGlobal
