
Microsoft Visual Studio Solution File, Format Version 12.00
# Visual Studio 15
VisualStudioVersion = 15.0.28307.102
MinimumVisualStudioVersion = 10.0.40219.1
Project("{FAE04EC0-301F-11D3-BF4B-00C04F79EFBC}") = "MyAwesomeApp.Android", "MyAwesomeApp\MyAwesomeApp.Android\MyAwesomeApp.Android.csproj", "{10F230E6-8DE1-412A-A23B-28CA393F23C4}"
EndProject
Project("{FAE04EC0-301F-11D3-BF4B-00C04F79EFBC}") = "MyAwesomeApp.iOS", "MyAwesomeApp\MyAwesomeApp.iOS\MyAwesomeApp.iOS.csproj", "{F3AFD006-ABD6-4367-ACE0-CAF4F40C26EB}"
EndProject
Project("{FAE04EC0-301F-11D3-BF4B-00C04F79EFBC}") = "MyAwesomeApp.UWP", "MyAwesomeApp\MyAwesomeApp.UWP\MyAwesomeApp.UWP.csproj", "{5CFBF5F5-B4A9-4A41-961F-0EE49D0085C9}"
EndProject
Project("{FAE04EC0-301F-11D3-BF4B-00C04F79EFBC}") = "MyAwesomeApp", "MyAwesomeApp\MyAwesomeApp\MyAwesomeApp.csproj", "{9467D1DE-4C6D-471F-86C6-E22E55CF4EB0}"
EndProject
Global
	GlobalSection(SolutionConfigurationPlatforms) = preSolution
		Ad-Hoc|Any CPU = Ad-Hoc|Any CPU
		Ad-Hoc|ARM = Ad-Hoc|ARM
		Ad-Hoc|iPhone = Ad-Hoc|iPhone
		Ad-Hoc|iPhoneSimulator = Ad-Hoc|iPhoneSimulator
		Ad-Hoc|x64 = Ad-Hoc|x64
		Ad-Hoc|x86 = Ad-Hoc|x86
		AppStore|Any CPU = AppStore|Any CPU
		AppStore|ARM = AppStore|ARM
		AppStore|iPhone = AppStore|iPhone
		AppStore|iPhoneSimulator = AppStore|iPhoneSimulator
		AppStore|x64 = AppStore|x64
		AppStore|x86 = AppStore|x86
		Debug|Any CPU = Debug|Any CPU
		Debug|ARM = Debug|ARM
		Debug|iPhone = Debug|iPhone
		Debug|iPhoneSimulator = Debug|iPhoneSimulator
		Debug|x64 = Debug|x64
		Debug|x86 = Debug|x86
		Release|Any CPU = Release|Any CPU
		Release|ARM = Release|ARM
		Release|iPhone = Release|iPhone
		Release|iPhoneSimulator = Release|iPhoneSimulator
		Release|x64 = Release|x64
		Release|x86 = Release|x86
	EndGlobalSection
	GlobalSection(ProjectConfigurationPlatforms) = postSolution
		{10F230E6-8DE1-412A-A23B-28CA393F23C4}.Ad-Hoc|Any CPU.ActiveCfg = Release|Any CPU
		{10F230E6-8DE1-412A-A23B-28CA393F23C4}.Ad-Hoc|Any CPU.Build.0 = Release|Any CPU
		{10F230E6-8DE1-412A-A23B-28CA393F23C4}.Ad-Hoc|Any CPU.Deploy.0 = Release|Any CPU
		{10F230E6-8DE1-412A-A23B-28CA393F23C4}.Ad-Hoc|ARM.ActiveCfg = Release|Any CPU
		{10F230E6-8DE1-412A-A23B-28CA393F23C4}.Ad-Hoc|ARM.Build.0 = Release|Any CPU
		{10F230E6-8DE1-412A-A23B-28CA393F23C4}.Ad-Hoc|ARM.Deploy.0 = Release|Any CPU
		{10F230E6-8DE1-412A-A23B-28CA393F23C4}.Ad-Hoc|iPhone.ActiveCfg = Release|Any CPU
		{10F230E6-8DE1-412A-A23B-28CA393F23C4}.Ad-Hoc|iPhone.Build.0 = Release|Any CPU
		{10F230E6-8DE1-412A-A23B-28CA393F23C4}.Ad-Hoc|iPhone.Deploy.0 = Release|Any CPU
		{10F230E6-8DE1-412A-A23B-28CA393F23C4}.Ad-Hoc|iPhoneSimulator.ActiveCfg = Release|Any CPU
		{10F230E6-8DE1-412A-A23B-28CA393F23C4}.Ad-Hoc|iPhoneSimulator.Build.0 = Release|Any CPU
		{10F230E6-8DE1-412A-A23B-28CA393F23C4}.Ad-Hoc|iPhoneSimulator.Deploy.0 = Release|Any CPU
		{10F230E6-8DE1-412A-A23B-28CA393F23C4}.Ad-Hoc|x64.ActiveCfg = Release|Any CPU
		{10F230E6-8DE1-412A-A23B-28CA393F23C4}.Ad-Hoc|x64.Build.0 = Release|Any CPU
		{10F230E6-8DE1-412A-A23B-28CA393F23C4}.Ad-Hoc|x64.Deploy.0 = Release|Any CPU
		{10F230E6-8DE1-412A-A23B-28CA393F23C4}.Ad-Hoc|x86.ActiveCfg = Release|Any CPU
		{10F230E6-8DE1-412A-A23B-28CA393F23C4}.Ad-Hoc|x86.Build.0 = Release|Any CPU
		{10F230E6-8DE1-412A-A23B-28CA393F23C4}.Ad-Hoc|x86.Deploy.0 = Release|Any CPU
		{10F230E6-8DE1-412A-A23B-28CA393F23C4}.AppStore|Any CPU.ActiveCfg = Release|Any CPU
		{10F230E6-8DE1-412A-A23B-28CA393F23C4}.AppStore|Any CPU.Build.0 = Release|Any CPU
		{10F230E6-8DE1-412A-A23B-28CA393F23C4}.AppStore|Any CPU.Deploy.0 = Release|Any CPU
		{10F230E6-8DE1-412A-A23B-28CA393F23C4}.AppStore|ARM.ActiveCfg = Release|Any CPU
		{10F230E6-8DE1-412A-A23B-28CA393F23C4}.AppStore|ARM.Build.0 = Release|Any CPU
		{10F230E6-8DE1-412A-A23B-28CA393F23C4}.AppStore|ARM.Deploy.0 = Release|Any CPU
		{10F230E6-8DE1-412A-A23B-28CA393F23C4}.AppStore|iPhone.ActiveCfg = Release|Any CPU
		{10F230E6-8DE1-412A-A23B-28CA393F23C4}.AppStore|iPhone.Build.0 = Release|Any CPU
		{10F230E6-8DE1-412A-A23B-28CA393F23C4}.AppStore|iPhone.Deploy.0 = Release|Any CPU
		{10F230E6-8DE1-412A-A23B-28CA393F23C4}.AppStore|iPhoneSimulator.ActiveCfg = Release|Any CPU
		{10F230E6-8DE1-412A-A23B-28CA393F23C4}.AppStore|iPhoneSimulator.Build.0 = Release|Any CPU
		{10F230E6-8DE1-412A-A23B-28CA393F23C4}.AppStore|iPhoneSimulator.Deploy.0 = Release|Any CPU
		{10F230E6-8DE1-412A-A23B-28CA393F23C4}.AppStore|x64.ActiveCfg = Release|Any CPU
		{10F230E6-8DE1-412A-A23B-28CA393F23C4}.AppStore|x64.Build.0 = Release|Any CPU
		{10F230E6-8DE1-412A-A23B-28CA393F23C4}.AppStore|x64.Deploy.0 = Release|Any CPU
		{10F230E6-8DE1-412A-A23B-28CA393F23C4}.AppStore|x86.ActiveCfg = Release|Any CPU
		{10F230E6-8DE1-412A-A23B-28CA393F23C4}.AppStore|x86.Build.0 = Release|Any CPU
		{10F230E6-8DE1-412A-A23B-28CA393F23C4}.AppStore|x86.Deploy.0 = Release|Any CPU
		{10F230E6-8DE1-412A-A23B-28CA393F23C4}.Debug|Any CPU.ActiveCfg = Debug|Any CPU
		{10F230E6-8DE1-412A-A23B-28CA393F23C4}.Debug|Any CPU.Build.0 = Debug|Any CPU
		{10F230E6-8DE1-412A-A23B-28CA393F23C4}.Debug|Any CPU.Deploy.0 = Debug|Any CPU
		{10F230E6-8DE1-412A-A23B-28CA393F23C4}.Debug|ARM.ActiveCfg = Debug|Any CPU
		{10F230E6-8DE1-412A-A23B-28CA393F23C4}.Debug|ARM.Build.0 = Debug|Any CPU
		{10F230E6-8DE1-412A-A23B-28CA393F23C4}.Debug|ARM.Deploy.0 = Debug|Any CPU
		{10F230E6-8DE1-412A-A23B-28CA393F23C4}.Debug|iPhone.ActiveCfg = Debug|Any CPU
		{10F230E6-8DE1-412A-A23B-28CA393F23C4}.Debug|iPhone.Build.0 = Debug|Any CPU
		{10F230E6-8DE1-412A-A23B-28CA393F23C4}.Debug|iPhone.Deploy.0 = Debug|Any CPU
		{10F230E6-8DE1-412A-A23B-28CA393F23C4}.Debug|iPhoneSimulator.ActiveCfg = Debug|Any CPU
		{10F230E6-8DE1-412A-A23B-28CA393F23C4}.Debug|iPhoneSimulator.Build.0 = Debug|Any CPU
		{10F230E6-8DE1-412A-A23B-28CA393F23C4}.Debug|iPhoneSimulator.Deploy.0 = Debug|Any CPU
		{10F230E6-8DE1-412A-A23B-28CA393F23C4}.Debug|x64.ActiveCfg = Debug|Any CPU
		{10F230E6-8DE1-412A-A23B-28CA393F23C4}.Debug|x64.Build.0 = Debug|Any CPU
		{10F230E6-8DE1-412A-A23B-28CA393F23C4}.Debug|x64.Deploy.0 = Debug|Any CPU
		{10F230E6-8DE1-412A-A23B-28CA393F23C4}.Debug|x86.ActiveCfg = Debug|Any CPU
		{10F230E6-8DE1-412A-A23B-28CA393F23C4}.Debug|x86.Build.0 = Debug|Any CPU
		{10F230E6-8DE1-412A-A23B-28CA393F23C4}.Debug|x86.Deploy.0 = Debug|Any CPU
		{10F230E6-8DE1-412A-A23B-28CA393F23C4}.Release|Any CPU.ActiveCfg = Release|Any CPU
		{10F230E6-8DE1-412A-A23B-28CA393F23C4}.Release|Any CPU.Build.0 = Release|Any CPU
		{10F230E6-8DE1-412A-A23B-28CA393F23C4}.Release|Any CPU.Deploy.0 = Release|Any CPU
		{10F230E6-8DE1-412A-A23B-28CA393F23C4}.Release|ARM.ActiveCfg = Release|Any CPU
		{10F230E6-8DE1-412A-A23B-28CA393F23C4}.Release|ARM.Build.0 = Release|Any CPU
		{10F230E6-8DE1-412A-A23B-28CA393F23C4}.Release|ARM.Deploy.0 = Release|Any CPU
		{10F230E6-8DE1-412A-A23B-28CA393F23C4}.Release|iPhone.ActiveCfg = Release|Any CPU
		{10F230E6-8DE1-412A-A23B-28CA393F23C4}.Release|iPhone.Build.0 = Release|Any CPU
		{10F230E6-8DE1-412A-A23B-28CA393F23C4}.Release|iPhone.Deploy.0 = Release|Any CPU
		{10F230E6-8DE1-412A-A23B-28CA393F23C4}.Release|iPhoneSimulator.ActiveCfg = Release|Any CPU
		{10F230E6-8DE1-412A-A23B-28CA393F23C4}.Release|iPhoneSimulator.Build.0 = Release|Any CPU
		{10F230E6-8DE1-412A-A23B-28CA393F23C4}.Release|iPhoneSimulator.Deploy.0 = Release|Any CPU
		{10F230E6-8DE1-412A-A23B-28CA393F23C4}.Release|x64.ActiveCfg = Release|Any CPU
		{10F230E6-8DE1-412A-A23B-28CA393F23C4}.Release|x64.Build.0 = Release|Any CPU
		{10F230E6-8DE1-412A-A23B-28CA393F23C4}.Release|x64.Deploy.0 = Release|Any CPU
		{10F230E6-8DE1-412A-A23B-28CA393F23C4}.Release|x86.ActiveCfg = Release|Any CPU
		{10F230E6-8DE1-412A-A23B-28CA393F23C4}.Release|x86.Build.0 = Release|Any CPU
		{10F230E6-8DE1-412A-A23B-28CA393F23C4}.Release|x86.Deploy.0 = Release|Any CPU
		{F3AFD006-ABD6-4367-ACE0-CAF4F40C26EB}.Ad-Hoc|Any CPU.ActiveCfg = Ad-Hoc|iPhone
		{F3AFD006-ABD6-4367-ACE0-CAF4F40C26EB}.Ad-Hoc|Any CPU.Build.0 = Ad-Hoc|iPhone
		{F3AFD006-ABD6-4367-ACE0-CAF4F40C26EB}.Ad-Hoc|Any CPU.Deploy.0 = Ad-Hoc|iPhone
		{F3AFD006-ABD6-4367-ACE0-CAF4F40C26EB}.Ad-Hoc|ARM.ActiveCfg = Ad-Hoc|iPhone
		{F3AFD006-ABD6-4367-ACE0-CAF4F40C26EB}.Ad-Hoc|ARM.Build.0 = Ad-Hoc|iPhone
		{F3AFD006-ABD6-4367-ACE0-CAF4F40C26EB}.Ad-Hoc|ARM.Deploy.0 = Ad-Hoc|iPhone
		{F3AFD006-ABD6-4367-ACE0-CAF4F40C26EB}.Ad-Hoc|iPhone.ActiveCfg = Ad-Hoc|iPhone
		{F3AFD006-ABD6-4367-ACE0-CAF4F40C26EB}.Ad-Hoc|iPhone.Build.0 = Ad-Hoc|iPhone
		{F3AFD006-ABD6-4367-ACE0-CAF4F40C26EB}.Ad-Hoc|iPhone.Deploy.0 = Ad-Hoc|iPhone
		{F3AFD006-ABD6-4367-ACE0-CAF4F40C26EB}.Ad-Hoc|iPhoneSimulator.ActiveCfg = Ad-Hoc|iPhoneSimulator
		{F3AFD006-ABD6-4367-ACE0-CAF4F40C26EB}.Ad-Hoc|iPhoneSimulator.Build.0 = Ad-Hoc|iPhoneSimulator
		{F3AFD006-ABD6-4367-ACE0-CAF4F40C26EB}.Ad-Hoc|iPhoneSimulator.Deploy.0 = Ad-Hoc|iPhoneSimulator
		{F3AFD006-ABD6-4367-ACE0-CAF4F40C26EB}.Ad-Hoc|x64.ActiveCfg = Ad-Hoc|iPhone
		{F3AFD006-ABD6-4367-ACE0-CAF4F40C26EB}.Ad-Hoc|x64.Build.0 = Ad-Hoc|iPhone
		{F3AFD006-ABD6-4367-ACE0-CAF4F40C26EB}.Ad-Hoc|x64.Deploy.0 = Ad-Hoc|iPhone
		{F3AFD006-ABD6-4367-ACE0-CAF4F40C26EB}.Ad-Hoc|x86.ActiveCfg = Ad-Hoc|iPhone
		{F3AFD006-ABD6-4367-ACE0-CAF4F40C26EB}.Ad-Hoc|x86.Build.0 = Ad-Hoc|iPhone
		{F3AFD006-ABD6-4367-ACE0-CAF4F40C26EB}.Ad-Hoc|x86.Deploy.0 = Ad-Hoc|iPhone
		{F3AFD006-ABD6-4367-ACE0-CAF4F40C26EB}.AppStore|Any CPU.ActiveCfg = AppStore|iPhone
		{F3AFD006-ABD6-4367-ACE0-CAF4F40C26EB}.AppStore|Any CPU.Build.0 = AppStore|iPhone
		{F3AFD006-ABD6-4367-ACE0-CAF4F40C26EB}.AppStore|Any CPU.Deploy.0 = AppStore|iPhone
		{F3AFD006-ABD6-4367-ACE0-CAF4F40C26EB}.AppStore|ARM.ActiveCfg = AppStore|iPhone
		{F3AFD006-ABD6-4367-ACE0-CAF4F40C26EB}.AppStore|ARM.Build.0 = AppStore|iPhone
		{F3AFD006-ABD6-4367-ACE0-CAF4F40C26EB}.AppStore|ARM.Deploy.0 = AppStore|iPhone
		{F3AFD006-ABD6-4367-ACE0-CAF4F40C26EB}.AppStore|iPhone.ActiveCfg = AppStore|iPhone
		{F3AFD006-ABD6-4367-ACE0-CAF4F40C26EB}.AppStore|iPhone.Build.0 = AppStore|iPhone
		{F3AFD006-ABD6-4367-ACE0-CAF4F40C26EB}.AppStore|iPhone.Deploy.0 = AppStore|iPhone
		{F3AFD006-ABD6-4367-ACE0-CAF4F40C26EB}.AppStore|iPhoneSimulator.ActiveCfg = AppStore|iPhoneSimulator
		{F3AFD006-ABD6-4367-ACE0-CAF4F40C26EB}.AppStore|iPhoneSimulator.Build.0 = AppStore|iPhoneSimulator
		{F3AFD006-ABD6-4367-ACE0-CAF4F40C26EB}.AppStore|iPhoneSimulator.Deploy.0 = AppStore|iPhoneSimulator
		{F3AFD006-ABD6-4367-ACE0-CAF4F40C26EB}.AppStore|x64.ActiveCfg = AppStore|iPhone
		{F3AFD006-ABD6-4367-ACE0-CAF4F40C26EB}.AppStore|x64.Build.0 = AppStore|iPhone
		{F3AFD006-ABD6-4367-ACE0-CAF4F40C26EB}.AppStore|x64.Deploy.0 = AppStore|iPhone
		{F3AFD006-ABD6-4367-ACE0-CAF4F40C26EB}.AppStore|x86.ActiveCfg = AppStore|iPhone
		{F3AFD006-ABD6-4367-ACE0-CAF4F40C26EB}.AppStore|x86.Build.0 = AppStore|iPhone
		{F3AFD006-ABD6-4367-ACE0-CAF4F40C26EB}.AppStore|x86.Deploy.0 = AppStore|iPhone
		{F3AFD006-ABD6-4367-ACE0-CAF4F40C26EB}.Debug|Any CPU.ActiveCfg = Debug|iPhoneSimulator
		{F3AFD006-ABD6-4367-ACE0-CAF4F40C26EB}.Debug|Any CPU.Build.0 = Debug|iPhoneSimulator
		{F3AFD006-ABD6-4367-ACE0-CAF4F40C26EB}.Debug|Any CPU.Deploy.0 = Debug|iPhoneSimulator
		{F3AFD006-ABD6-4367-ACE0-CAF4F40C26EB}.Debug|ARM.ActiveCfg = Debug|iPhone
		{F3AFD006-ABD6-4367-ACE0-CAF4F40C26EB}.Debug|ARM.Build.0 = Debug|iPhone
		{F3AFD006-ABD6-4367-ACE0-CAF4F40C26EB}.Debug|ARM.Deploy.0 = Debug|iPhone
		{F3AFD006-ABD6-4367-ACE0-CAF4F40C26EB}.Debug|iPhone.ActiveCfg = Debug|iPhone
		{F3AFD006-ABD6-4367-ACE0-CAF4F40C26EB}.Debug|iPhone.Build.0 = Debug|iPhone
		{F3AFD006-ABD6-4367-ACE0-CAF4F40C26EB}.Debug|iPhone.Deploy.0 = Debug|iPhone
		{F3AFD006-ABD6-4367-ACE0-CAF4F40C26EB}.Debug|iPhoneSimulator.ActiveCfg = Debug|iPhoneSimulator
		{F3AFD006-ABD6-4367-ACE0-CAF4F40C26EB}.Debug|iPhoneSimulator.Build.0 = Debug|iPhoneSimulator
		{F3AFD006-ABD6-4367-ACE0-CAF4F40C26EB}.Debug|iPhoneSimulator.Deploy.0 = Debug|iPhoneSimulator
		{F3AFD006-ABD6-4367-ACE0-CAF4F40C26EB}.Debug|x64.ActiveCfg = Debug|iPhone
		{F3AFD006-ABD6-4367-ACE0-CAF4F40C26EB}.Debug|x64.Build.0 = Debug|iPhone
		{F3AFD006-ABD6-4367-ACE0-CAF4F40C26EB}.Debug|x64.Deploy.0 = Debug|iPhone
		{F3AFD006-ABD6-4367-ACE0-CAF4F40C26EB}.Debug|x86.ActiveCfg = Debug|iPhone
		{F3AFD006-ABD6-4367-ACE0-CAF4F40C26EB}.Debug|x86.Build.0 = Debug|iPhone
		{F3AFD006-ABD6-4367-ACE0-CAF4F40C26EB}.Debug|x86.Deploy.0 = Debug|iPhone
		{F3AFD006-ABD6-4367-ACE0-CAF4F40C26EB}.Release|Any CPU.ActiveCfg = Release|iPhone
		{F3AFD006-ABD6-4367-ACE0-CAF4F40C26EB}.Release|Any CPU.Build.0 = Release|iPhone
		{F3AFD006-ABD6-4367-ACE0-CAF4F40C26EB}.Release|Any CPU.Deploy.0 = Release|iPhone
		{F3AFD006-ABD6-4367-ACE0-CAF4F40C26EB}.Release|ARM.ActiveCfg = Release|iPhone
		{F3AFD006-ABD6-4367-ACE0-CAF4F40C26EB}.Release|ARM.Build.0 = Release|iPhone
		{F3AFD006-ABD6-4367-ACE0-CAF4F40C26EB}.Release|ARM.Deploy.0 = Release|iPhone
		{F3AFD006-ABD6-4367-ACE0-CAF4F40C26EB}.Release|iPhone.ActiveCfg = Release|iPhone
		{F3AFD006-ABD6-4367-ACE0-CAF4F40C26EB}.Release|iPhone.Build.0 = Release|iPhone
		{F3AFD006-ABD6-4367-ACE0-CAF4F40C26EB}.Release|iPhone.Deploy.0 = Release|iPhone
		{F3AFD006-ABD6-4367-ACE0-CAF4F40C26EB}.Release|iPhoneSimulator.ActiveCfg = Release|iPhoneSimulator
		{F3AFD006-ABD6-4367-ACE0-CAF4F40C26EB}.Release|iPhoneSimulator.Build.0 = Release|iPhoneSimulator
		{F3AFD006-ABD6-4367-ACE0-CAF4F40C26EB}.Release|iPhoneSimulator.Deploy.0 = Release|iPhoneSimulator
		{F3AFD006-ABD6-4367-ACE0-CAF4F40C26EB}.Release|x64.ActiveCfg = Release|iPhone
		{F3AFD006-ABD6-4367-ACE0-CAF4F40C26EB}.Release|x64.Build.0 = Release|iPhone
		{F3AFD006-ABD6-4367-ACE0-CAF4F40C26EB}.Release|x64.Deploy.0 = Release|iPhone
		{F3AFD006-ABD6-4367-ACE0-CAF4F40C26EB}.Release|x86.ActiveCfg = Release|iPhone
		{F3AFD006-ABD6-4367-ACE0-CAF4F40C26EB}.Release|x86.Build.0 = Release|iPhone
		{F3AFD006-ABD6-4367-ACE0-CAF4F40C26EB}.Release|x86.Deploy.0 = Release|iPhone
		{5CFBF5F5-B4A9-4A41-961F-0EE49D0085C9}.Ad-Hoc|Any CPU.ActiveCfg = Release|x86
		{5CFBF5F5-B4A9-4A41-961F-0EE49D0085C9}.Ad-Hoc|Any CPU.Build.0 = Release|x86
		{5CFBF5F5-B4A9-4A41-961F-0EE49D0085C9}.Ad-Hoc|Any CPU.Deploy.0 = Release|x86
		{5CFBF5F5-B4A9-4A41-961F-0EE49D0085C9}.Ad-Hoc|ARM.ActiveCfg = Release|ARM
		{5CFBF5F5-B4A9-4A41-961F-0EE49D0085C9}.Ad-Hoc|ARM.Build.0 = Release|ARM
		{5CFBF5F5-B4A9-4A41-961F-0EE49D0085C9}.Ad-Hoc|ARM.Deploy.0 = Release|ARM
		{5CFBF5F5-B4A9-4A41-961F-0EE49D0085C9}.Ad-Hoc|iPhone.ActiveCfg = Release|x86
		{5CFBF5F5-B4A9-4A41-961F-0EE49D0085C9}.Ad-Hoc|iPhone.Build.0 = Release|x86
		{5CFBF5F5-B4A9-4A41-961F-0EE49D0085C9}.Ad-Hoc|iPhone.Deploy.0 = Release|x86
		{5CFBF5F5-B4A9-4A41-961F-0EE49D0085C9}.Ad-Hoc|iPhoneSimulator.ActiveCfg = Release|x86
		{5CFBF5F5-B4A9-4A41-961F-0EE49D0085C9}.Ad-Hoc|iPhoneSimulator.Build.0 = Release|x86
		{5CFBF5F5-B4A9-4A41-961F-0EE49D0085C9}.Ad-Hoc|iPhoneSimulator.Deploy.0 = Release|x86
		{5CFBF5F5-B4A9-4A41-961F-0EE49D0085C9}.Ad-Hoc|x64.ActiveCfg = Release|x64
		{5CFBF5F5-B4A9-4A41-961F-0EE49D0085C9}.Ad-Hoc|x64.Build.0 = Release|x64
		{5CFBF5F5-B4A9-4A41-961F-0EE49D0085C9}.Ad-Hoc|x64.Deploy.0 = Release|x64
		{5CFBF5F5-B4A9-4A41-961F-0EE49D0085C9}.Ad-Hoc|x86.ActiveCfg = Release|x86
		{5CFBF5F5-B4A9-4A41-961F-0EE49D0085C9}.Ad-Hoc|x86.Build.0 = Release|x86
		{5CFBF5F5-B4A9-4A41-961F-0EE49D0085C9}.Ad-Hoc|x86.Deploy.0 = Release|x86
		{5CFBF5F5-B4A9-4A41-961F-0EE49D0085C9}.AppStore|Any CPU.ActiveCfg = Release|x86
		{5CFBF5F5-B4A9-4A41-961F-0EE49D0085C9}.AppStore|Any CPU.Build.0 = Release|x86
		{5CFBF5F5-B4A9-4A41-961F-0EE49D0085C9}.AppStore|Any CPU.Deploy.0 = Release|x86
		{5CFBF5F5-B4A9-4A41-961F-0EE49D0085C9}.AppStore|ARM.ActiveCfg = Release|ARM
		{5CFBF5F5-B4A9-4A41-961F-0EE49D0085C9}.AppStore|ARM.Build.0 = Release|ARM
		{5CFBF5F5-B4A9-4A41-961F-0EE49D0085C9}.AppStore|ARM.Deploy.0 = Release|ARM
		{5CFBF5F5-B4A9-4A41-961F-0EE49D0085C9}.AppStore|iPhone.ActiveCfg = Release|x86
		{5CFBF5F5-B4A9-4A41-961F-0EE49D0085C9}.AppStore|iPhone.Build.0 = Release|x86
		{5CFBF5F5-B4A9-4A41-961F-0EE49D0085C9}.AppStore|iPhone.Deploy.0 = Release|x86
		{5CFBF5F5-B4A9-4A41-961F-0EE49D0085C9}.AppStore|iPhoneSimulator.ActiveCfg = Release|x86
		{5CFBF5F5-B4A9-4A41-961F-0EE49D0085C9}.AppStore|iPhoneSimulator.Build.0 = Release|x86
		{5CFBF5F5-B4A9-4A41-961F-0EE49D0085C9}.AppStore|iPhoneSimulator.Deploy.0 = Release|x86
		{5CFBF5F5-B4A9-4A41-961F-0EE49D0085C9}.AppStore|x64.ActiveCfg = Release|x64
		{5CFBF5F5-B4A9-4A41-961F-0EE49D0085C9}.AppStore|x64.Build.0 = Release|x64
		{5CFBF5F5-B4A9-4A41-961F-0EE49D0085C9}.AppStore|x64.Deploy.0 = Release|x64
		{5CFBF5F5-B4A9-4A41-961F-0EE49D0085C9}.AppStore|x86.ActiveCfg = Release|x86
		{5CFBF5F5-B4A9-4A41-961F-0EE49D0085C9}.AppStore|x86.Build.0 = Release|x86
		{5CFBF5F5-B4A9-4A41-961F-0EE49D0085C9}.AppStore|x86.Deploy.0 = Release|x86
		{5CFBF5F5-B4A9-4A41-961F-0EE49D0085C9}.Debug|Any CPU.ActiveCfg = Debug|x86
		{5CFBF5F5-B4A9-4A41-961F-0EE49D0085C9}.Debug|Any CPU.Build.0 = Debug|x86
		{5CFBF5F5-B4A9-4A41-961F-0EE49D0085C9}.Debug|Any CPU.Deploy.0 = Debug|x86
		{5CFBF5F5-B4A9-4A41-961F-0EE49D0085C9}.Debug|ARM.ActiveCfg = Debug|ARM
		{5CFBF5F5-B4A9-4A41-961F-0EE49D0085C9}.Debug|ARM.Build.0 = Debug|ARM
		{5CFBF5F5-B4A9-4A41-961F-0EE49D0085C9}.Debug|ARM.Deploy.0 = Debug|ARM
		{5CFBF5F5-B4A9-4A41-961F-0EE49D0085C9}.Debug|iPhone.ActiveCfg = Debug|x86
		{5CFBF5F5-B4A9-4A41-961F-0EE49D0085C9}.Debug|iPhone.Build.0 = Debug|x86
		{5CFBF5F5-B4A9-4A41-961F-0EE49D0085C9}.Debug|iPhone.Deploy.0 = Debug|x86
		{5CFBF5F5-B4A9-4A41-961F-0EE49D0085C9}.Debug|iPhoneSimulator.ActiveCfg = Debug|x86
		{5CFBF5F5-B4A9-4A41-961F-0EE49D0085C9}.Debug|iPhoneSimulator.Build.0 = Debug|x86
		{5CFBF5F5-B4A9-4A41-961F-0EE49D0085C9}.Debug|iPhoneSimulator.Deploy.0 = Debug|x86
		{5CFBF5F5-B4A9-4A41-961F-0EE49D0085C9}.Debug|x64.ActiveCfg = Debug|x64
		{5CFBF5F5-B4A9-4A41-961F-0EE49D0085C9}.Debug|x64.Build.0 = Debug|x64
		{5CFBF5F5-B4A9-4A41-961F-0EE49D0085C9}.Debug|x64.Deploy.0 = Debug|x64
		{5CFBF5F5-B4A9-4A41-961F-0EE49D0085C9}.Debug|x86.ActiveCfg = Debug|x86
		{5CFBF5F5-B4A9-4A41-961F-0EE49D0085C9}.Debug|x86.Build.0 = Debug|x86
		{5CFBF5F5-B4A9-4A41-961F-0EE49D0085C9}.Debug|x86.Deploy.0 = Debug|x86
		{5CFBF5F5-B4A9-4A41-961F-0EE49D0085C9}.Release|Any CPU.ActiveCfg = Release|x86
		{5CFBF5F5-B4A9-4A41-961F-0EE49D0085C9}.Release|Any CPU.Build.0 = Release|x86
		{5CFBF5F5-B4A9-4A41-961F-0EE49D0085C9}.Release|Any CPU.Deploy.0 = Release|x86
		{5CFBF5F5-B4A9-4A41-961F-0EE49D0085C9}.Release|ARM.ActiveCfg = Release|ARM
		{5CFBF5F5-B4A9-4A41-961F-0EE49D0085C9}.Release|ARM.Build.0 = Release|ARM
		{5CFBF5F5-B4A9-4A41-961F-0EE49D0085C9}.Release|ARM.Deploy.0 = Release|ARM
		{5CFBF5F5-B4A9-4A41-961F-0EE49D0085C9}.Release|iPhone.ActiveCfg = Release|x86
		{5CFBF5F5-B4A9-4A41-961F-0EE49D0085C9}.Release|iPhone.Build.0 = Release|x86
		{5CFBF5F5-B4A9-4A41-961F-0EE49D0085C9}.Release|iPhone.Deploy.0 = Release|x86
		{5CFBF5F5-B4A9-4A41-961F-0EE49D0085C9}.Release|iPhoneSimulator.ActiveCfg = Release|x86
		{5CFBF5F5-B4A9-4A41-961F-0EE49D0085C9}.Release|iPhoneSimulator.Build.0 = Release|x86
		{5CFBF5F5-B4A9-4A41-961F-0EE49D0085C9}.Release|iPhoneSimulator.Deploy.0 = Release|x86
		{5CFBF5F5-B4A9-4A41-961F-0EE49D0085C9}.Release|x64.ActiveCfg = Release|x64
		{5CFBF5F5-B4A9-4A41-961F-0EE49D0085C9}.Release|x64.Build.0 = Release|x64
		{5CFBF5F5-B4A9-4A41-961F-0EE49D0085C9}.Release|x64.Deploy.0 = Release|x64
		{5CFBF5F5-B4A9-4A41-961F-0EE49D0085C9}.Release|x86.ActiveCfg = Release|x86
		{5CFBF5F5-B4A9-4A41-961F-0EE49D0085C9}.Release|x86.Build.0 = Release|x86
		{5CFBF5F5-B4A9-4A41-961F-0EE49D0085C9}.Release|x86.Deploy.0 = Release|x86
		{9467D1DE-4C6D-471F-86C6-E22E55CF4EB0}.Ad-Hoc|Any CPU.ActiveCfg = Debug|Any CPU
		{9467D1DE-4C6D-471F-86C6-E22E55CF4EB0}.Ad-Hoc|Any CPU.Build.0 = Debug|Any CPU
		{9467D1DE-4C6D-471F-86C6-E22E55CF4EB0}.Ad-Hoc|Any CPU.Deploy.0 = Debug|Any CPU
		{9467D1DE-4C6D-471F-86C6-E22E55CF4EB0}.Ad-Hoc|ARM.ActiveCfg = Debug|Any CPU
		{9467D1DE-4C6D-471F-86C6-E22E55CF4EB0}.Ad-Hoc|ARM.Build.0 = Debug|Any CPU
		{9467D1DE-4C6D-471F-86C6-E22E55CF4EB0}.Ad-Hoc|ARM.Deploy.0 = Debug|Any CPU
		{9467D1DE-4C6D-471F-86C6-E22E55CF4EB0}.Ad-Hoc|iPhone.ActiveCfg = Debug|Any CPU
		{9467D1DE-4C6D-471F-86C6-E22E55CF4EB0}.Ad-Hoc|iPhone.Build.0 = Debug|Any CPU
		{9467D1DE-4C6D-471F-86C6-E22E55CF4EB0}.Ad-Hoc|iPhone.Deploy.0 = Debug|Any CPU
		{9467D1DE-4C6D-471F-86C6-E22E55CF4EB0}.Ad-Hoc|iPhoneSimulator.ActiveCfg = Debug|Any CPU
		{9467D1DE-4C6D-471F-86C6-E22E55CF4EB0}.Ad-Hoc|iPhoneSimulator.Build.0 = Debug|Any CPU
		{9467D1DE-4C6D-471F-86C6-E22E55CF4EB0}.Ad-Hoc|iPhoneSimulator.Deploy.0 = Debug|Any CPU
		{9467D1DE-4C6D-471F-86C6-E22E55CF4EB0}.Ad-Hoc|x64.ActiveCfg = Debug|Any CPU
		{9467D1DE-4C6D-471F-86C6-E22E55CF4EB0}.Ad-Hoc|x64.Build.0 = Debug|Any CPU
		{9467D1DE-4C6D-471F-86C6-E22E55CF4EB0}.Ad-Hoc|x64.Deploy.0 = Debug|Any CPU
		{9467D1DE-4C6D-471F-86C6-E22E55CF4EB0}.Ad-Hoc|x86.ActiveCfg = Debug|Any CPU
		{9467D1DE-4C6D-471F-86C6-E22E55CF4EB0}.Ad-Hoc|x86.Build.0 = Debug|Any CPU
		{9467D1DE-4C6D-471F-86C6-E22E55CF4EB0}.Ad-Hoc|x86.Deploy.0 = Debug|Any CPU
		{9467D1DE-4C6D-471F-86C6-E22E55CF4EB0}.AppStore|Any CPU.ActiveCfg = Debug|Any CPU
		{9467D1DE-4C6D-471F-86C6-E22E55CF4EB0}.AppStore|Any CPU.Build.0 = Debug|Any CPU
		{9467D1DE-4C6D-471F-86C6-E22E55CF4EB0}.AppStore|Any CPU.Deploy.0 = Debug|Any CPU
		{9467D1DE-4C6D-471F-86C6-E22E55CF4EB0}.AppStore|ARM.ActiveCfg = Debug|Any CPU
		{9467D1DE-4C6D-471F-86C6-E22E55CF4EB0}.AppStore|ARM.Build.0 = Debug|Any CPU
		{9467D1DE-4C6D-471F-86C6-E22E55CF4EB0}.AppStore|ARM.Deploy.0 = Debug|Any CPU
		{9467D1DE-4C6D-471F-86C6-E22E55CF4EB0}.AppStore|iPhone.ActiveCfg = Debug|Any CPU
		{9467D1DE-4C6D-471F-86C6-E22E55CF4EB0}.AppStore|iPhone.Build.0 = Debug|Any CPU
		{9467D1DE-4C6D-471F-86C6-E22E55CF4EB0}.AppStore|iPhone.Deploy.0 = Debug|Any CPU
		{9467D1DE-4C6D-471F-86C6-E22E55CF4EB0}.AppStore|iPhoneSimulator.ActiveCfg = Debug|Any CPU
		{9467D1DE-4C6D-471F-86C6-E22E55CF4EB0}.AppStore|iPhoneSimulator.Build.0 = Debug|Any CPU
		{9467D1DE-4C6D-471F-86C6-E22E55CF4EB0}.AppStore|iPhoneSimulator.Deploy.0 = Debug|Any CPU
		{9467D1DE-4C6D-471F-86C6-E22E55CF4EB0}.AppStore|x64.ActiveCfg = Debug|Any CPU
		{9467D1DE-4C6D-471F-86C6-E22E55CF4EB0}.AppStore|x64.Build.0 = Debug|Any CPU
		{9467D1DE-4C6D-471F-86C6-E22E55CF4EB0}.AppStore|x64.Deploy.0 = Debug|Any CPU
		{9467D1DE-4C6D-471F-86C6-E22E55CF4EB0}.AppStore|x86.ActiveCfg = Debug|Any CPU
		{9467D1DE-4C6D-471F-86C6-E22E55CF4EB0}.AppStore|x86.Build.0 = Debug|Any CPU
		{9467D1DE-4C6D-471F-86C6-E22E55CF4EB0}.AppStore|x86.Deploy.0 = Debug|Any CPU
		{9467D1DE-4C6D-471F-86C6-E22E55CF4EB0}.Debug|Any CPU.ActiveCfg = Debug|Any CPU
		{9467D1DE-4C6D-471F-86C6-E22E55CF4EB0}.Debug|Any CPU.Build.0 = Debug|Any CPU
		{9467D1DE-4C6D-471F-86C6-E22E55CF4EB0}.Debug|Any CPU.Deploy.0 = Debug|Any CPU
		{9467D1DE-4C6D-471F-86C6-E22E55CF4EB0}.Debug|ARM.ActiveCfg = Debug|Any CPU
		{9467D1DE-4C6D-471F-86C6-E22E55CF4EB0}.Debug|ARM.Build.0 = Debug|Any CPU
		{9467D1DE-4C6D-471F-86C6-E22E55CF4EB0}.Debug|ARM.Deploy.0 = Debug|Any CPU
		{9467D1DE-4C6D-471F-86C6-E22E55CF4EB0}.Debug|iPhone.ActiveCfg = Debug|Any CPU
		{9467D1DE-4C6D-471F-86C6-E22E55CF4EB0}.Debug|iPhone.Build.0 = Debug|Any CPU
		{9467D1DE-4C6D-471F-86C6-E22E55CF4EB0}.Debug|iPhone.Deploy.0 = Debug|Any CPU
		{9467D1DE-4C6D-471F-86C6-E22E55CF4EB0}.Debug|iPhoneSimulator.ActiveCfg = Debug|Any CPU
		{9467D1DE-4C6D-471F-86C6-E22E55CF4EB0}.Debug|iPhoneSimulator.Build.0 = Debug|Any CPU
		{9467D1DE-4C6D-471F-86C6-E22E55CF4EB0}.Debug|iPhoneSimulator.Deploy.0 = Debug|Any CPU
		{9467D1DE-4C6D-471F-86C6-E22E55CF4EB0}.Debug|x64.ActiveCfg = Debug|Any CPU
		{9467D1DE-4C6D-471F-86C6-E22E55CF4EB0}.Debug|x64.Build.0 = Debug|Any CPU
		{9467D1DE-4C6D-471F-86C6-E22E55CF4EB0}.Debug|x64.Deploy.0 = Debug|Any CPU
		{9467D1DE-4C6D-471F-86C6-E22E55CF4EB0}.Debug|x86.ActiveCfg = Debug|Any CPU
		{9467D1DE-4C6D-471F-86C6-E22E55CF4EB0}.Debug|x86.Build.0 = Debug|Any CPU
		{9467D1DE-4C6D-471F-86C6-E22E55CF4EB0}.Debug|x86.Deploy.0 = Debug|Any CPU
		{9467D1DE-4C6D-471F-86C6-E22E55CF4EB0}.Release|Any CPU.ActiveCfg = Release|Any CPU
		{9467D1DE-4C6D-471F-86C6-E22E55CF4EB0}.Release|Any CPU.Build.0 = Release|Any CPU
		{9467D1DE-4C6D-471F-86C6-E22E55CF4EB0}.Release|Any CPU.Deploy.0 = Release|Any CPU
		{9467D1DE-4C6D-471F-86C6-E22E55CF4EB0}.Release|ARM.ActiveCfg = Release|Any CPU
		{9467D1DE-4C6D-471F-86C6-E22E55CF4EB0}.Release|ARM.Build.0 = Release|Any CPU
		{9467D1DE-4C6D-471F-86C6-E22E55CF4EB0}.Release|ARM.Deploy.0 = Release|Any CPU
		{9467D1DE-4C6D-471F-86C6-E22E55CF4EB0}.Release|iPhone.ActiveCfg = Release|Any CPU
		{9467D1DE-4C6D-471F-86C6-E22E55CF4EB0}.Release|iPhone.Build.0 = Release|Any CPU
		{9467D1DE-4C6D-471F-86C6-E22E55CF4EB0}.Release|iPhone.Deploy.0 = Release|Any CPU
		{9467D1DE-4C6D-471F-86C6-E22E55CF4EB0}.Release|iPhoneSimulator.ActiveCfg = Release|Any CPU
		{9467D1DE-4C6D-471F-86C6-E22E55CF4EB0}.Release|iPhoneSimulator.Build.0 = Release|Any CPU
		{9467D1DE-4C6D-471F-86C6-E22E55CF4EB0}.Release|iPhoneSimulator.Deploy.0 = Release|Any CPU
		{9467D1DE-4C6D-471F-86C6-E22E55CF4EB0}.Release|x64.ActiveCfg = Release|Any CPU
		{9467D1DE-4C6D-471F-86C6-E22E55CF4EB0}.Release|x64.Build.0 = Release|Any CPU
		{9467D1DE-4C6D-471F-86C6-E22E55CF4EB0}.Release|x64.Deploy.0 = Release|Any CPU
		{9467D1DE-4C6D-471F-86C6-E22E55CF4EB0}.Release|x86.ActiveCfg = Release|Any CPU
		{9467D1DE-4C6D-471F-86C6-E22E55CF4EB0}.Release|x86.Build.0 = Release|Any CPU
		{9467D1DE-4C6D-471F-86C6-E22E55CF4EB0}.Release|x86.Deploy.0 = Release|Any CPU
	EndGlobalSection
	GlobalSection(SolutionProperties) = preSolution
		HideSolutionNode = FALSE
	EndGlobalSection
	GlobalSection(ExtensibilityGlobals) = postSolution
		SolutionGuid = {41CD4F53-51AB-4E3E-B5C2-525A6FFA179A}
	EndGlobalSection
EndGlobal
